// !$*UTF8*$!
{
	archiveVersion = 1;
	classes = {
	};
	objectVersion = 50;
	objects = {

/* Begin PBXBuildFile section */
		505A6B6E21BE30C100011D7A /* ViewController.m in Sources */ = {isa = PBXBuildFile; fileRef = 505A6B6D21BE30C100011D7A /* ViewController.m */; };
		505A6B7121BE30C100011D7A /* Main.storyboard in Resources */ = {isa = PBXBuildFile; fileRef = 505A6B6F21BE30C100011D7A /* Main.storyboard */; };
		505A6B7321BE30C300011D7A /* Assets.xcassets in Resources */ = {isa = PBXBuildFile; fileRef = 505A6B7221BE30C300011D7A /* Assets.xcassets */; };
		505A6B7621BE30C300011D7A /* LaunchScreen.storyboard in Resources */ = {isa = PBXBuildFile; fileRef = 505A6B7421BE30C300011D7A /* LaunchScreen.storyboard */; };
		505A6B7921BE30C300011D7A /* main.m in Sources */ = {isa = PBXBuildFile; fileRef = 505A6B7821BE30C300011D7A /* main.m */; };
		505A6B8321BE30C300011D7A /* BoardGamesItemsTests.m in Sources */ = {isa = PBXBuildFile; fileRef = 505A6B8221BE30C300011D7A /* BoardGamesItemsTests.m */; };
		505A6B8E21BE30C300011D7A /* BoardGamesItemsUITests.m in Sources */ = {isa = PBXBuildFile; fileRef = 505A6B8D21BE30C300011D7A /* BoardGamesItemsUITests.m */; };
		505A6BA121BE3B9F00011D7A /* KKRootTabBarViewController.m in Sources */ = {isa = PBXBuildFile; fileRef = 505A6B9D21BE3B9F00011D7A /* KKRootTabBarViewController.m */; };
		505A6BA221BE3B9F00011D7A /* KKDelegateViewController.m in Sources */ = {isa = PBXBuildFile; fileRef = 505A6B9F21BE3B9F00011D7A /* KKDelegateViewController.m */; };
		505A6BA321BE3B9F00011D7A /* KKDelegateViewController.xib in Resources */ = {isa = PBXBuildFile; fileRef = 505A6BA021BE3B9F00011D7A /* KKDelegateViewController.xib */; };
		505A6BAA21BE3C5D00011D7A /* AppDelegate.m in Sources */ = {isa = PBXBuildFile; fileRef = 505A6BA721BE3C5D00011D7A /* AppDelegate.m */; };
		505A6BCE21BE3CA400011D7A /* MMCleanCacheManager.m in Sources */ = {isa = PBXBuildFile; fileRef = 505A6BAC21BE3CA300011D7A /* MMCleanCacheManager.m */; };
		505A6BCF21BE3CA400011D7A /* JSCommonAlertView.m in Sources */ = {isa = PBXBuildFile; fileRef = 505A6BB021BE3CA300011D7A /* JSCommonAlertView.m */; };
		505A6BD021BE3CA400011D7A /* UIViewController+TouchAvatar.m in Sources */ = {isa = PBXBuildFile; fileRef = 505A6BB321BE3CA400011D7A /* UIViewController+TouchAvatar.m */; };
		505A6BD121BE3CA400011D7A /* UINavigationBar+BackgroundColor.m in Sources */ = {isa = PBXBuildFile; fileRef = 505A6BB421BE3CA400011D7A /* UINavigationBar+BackgroundColor.m */; };
		505A6BD221BE3CA400011D7A /* UITableView+JSCustom.m in Sources */ = {isa = PBXBuildFile; fileRef = 505A6BB721BE3CA400011D7A /* UITableView+JSCustom.m */; };
		505A6BD321BE3CA400011D7A /* JS3DImageViewController.m in Sources */ = {isa = PBXBuildFile; fileRef = 505A6BB821BE3CA400011D7A /* JS3DImageViewController.m */; };
		505A6BD421BE3CA400011D7A /* UIViewController+BackgroundAlpha.m in Sources */ = {isa = PBXBuildFile; fileRef = 505A6BBA21BE3CA400011D7A /* UIViewController+BackgroundAlpha.m */; };
		505A6BD521BE3CA400011D7A /* UITextView+CustomFont.m in Sources */ = {isa = PBXBuildFile; fileRef = 505A6BBC21BE3CA400011D7A /* UITextView+CustomFont.m */; };
		505A6BD621BE3CA400011D7A /* JSFastLoginModel.m in Sources */ = {isa = PBXBuildFile; fileRef = 505A6BC021BE3CA400011D7A /* JSFastLoginModel.m */; };
		505A6BD721BE3CA400011D7A /* JSLocalStorageKit.m in Sources */ = {isa = PBXBuildFile; fileRef = 505A6BC121BE3CA400011D7A /* JSLocalStorageKit.m */; };
		505A6BD821BE3CA400011D7A /* JSUserInfo.m in Sources */ = {isa = PBXBuildFile; fileRef = 505A6BC321BE3CA400011D7A /* JSUserInfo.m */; };
		505A6BD921BE3CA400011D7A /* JSClassModel.m in Sources */ = {isa = PBXBuildFile; fileRef = 505A6BC721BE3CA400011D7A /* JSClassModel.m */; };
		505A6BDA21BE3CA400011D7A /* JSSelectViewTool.m in Sources */ = {isa = PBXBuildFile; fileRef = 505A6BCB21BE3CA400011D7A /* JSSelectViewTool.m */; };
		505A6BDB21BE3CA400011D7A /* districts_bak.xml in Resources */ = {isa = PBXBuildFile; fileRef = 505A6BCD21BE3CA400011D7A /* districts_bak.xml */; };
		505A6BDF21BE3D2F00011D7A /* KKMineViewController.m in Sources */ = {isa = PBXBuildFile; fileRef = 505A6BDD21BE3D2F00011D7A /* KKMineViewController.m */; };
		505A6BE021BE3D2F00011D7A /* KKMineViewController.xib in Resources */ = {isa = PBXBuildFile; fileRef = 505A6BDE21BE3D2F00011D7A /* KKMineViewController.xib */; };
		505A6BE421BE3D4100011D7A /* GamesViewController.m in Sources */ = {isa = PBXBuildFile; fileRef = 505A6BE221BE3D4100011D7A /* GamesViewController.m */; };
		505A6BE521BE3D4100011D7A /* GamesViewController.xib in Resources */ = {isa = PBXBuildFile; fileRef = 505A6BE321BE3D4100011D7A /* GamesViewController.xib */; };
		505A6BEB21BE42EF00011D7A /* KPersonViewController.m in Sources */ = {isa = PBXBuildFile; fileRef = 505A6BE921BE42EF00011D7A /* KPersonViewController.m */; };
		505A6BEC21BE42EF00011D7A /* KPersonViewController.xib in Resources */ = {isa = PBXBuildFile; fileRef = 505A6BEA21BE42EF00011D7A /* KPersonViewController.xib */; };
		505A6C0121BE438900011D7A /* JSFPictureManager.m in Sources */ = {isa = PBXBuildFile; fileRef = 505A6BEE21BE438900011D7A /* JSFPictureManager.m */; };
		505A6C0221BE438900011D7A /* GroupTableViewCell.m in Sources */ = {isa = PBXBuildFile; fileRef = 505A6BF021BE438900011D7A /* GroupTableViewCell.m */; };
		505A6C0321BE438900011D7A /* GroupTableViewController.m in Sources */ = {isa = PBXBuildFile; fileRef = 505A6BF321BE438900011D7A /* GroupTableViewController.m */; };
		505A6C0421BE438900011D7A /* UIImage+ScaleImage.m in Sources */ = {isa = PBXBuildFile; fileRef = 505A6BF421BE438900011D7A /* UIImage+ScaleImage.m */; };
		505A6C0521BE438900011D7A /* PhotoDetailsCollectionViewCell.m in Sources */ = {isa = PBXBuildFile; fileRef = 505A6BF721BE438900011D7A /* PhotoDetailsCollectionViewCell.m */; };
		505A6C0621BE438900011D7A /* PhotoDetailsCollectionViewController.m in Sources */ = {isa = PBXBuildFile; fileRef = 505A6BF821BE438900011D7A /* PhotoDetailsCollectionViewController.m */; };
		505A6C0721BE438900011D7A /* AllAlbumViewController.m in Sources */ = {isa = PBXBuildFile; fileRef = 505A6BFD21BE438900011D7A /* AllAlbumViewController.m */; };
		505A6C0821BE438900011D7A /* AllAlbumCollectionViewCell.m in Sources */ = {isa = PBXBuildFile; fileRef = 505A6C0021BE438900011D7A /* AllAlbumCollectionViewCell.m */; };
		505A6C0E21BE443100011D7A /* KKPersonalTableViewCell.m in Sources */ = {isa = PBXBuildFile; fileRef = 505A6C0C21BE443000011D7A /* KKPersonalTableViewCell.m */; };
		505A6C0F21BE443100011D7A /* KKPersonalTableViewCell.xib in Resources */ = {isa = PBXBuildFile; fileRef = 505A6C0D21BE443100011D7A /* KKPersonalTableViewCell.xib */; };
		505A6C1321BE449100011D7A /* KKMineTableViewCell.m in Sources */ = {isa = PBXBuildFile; fileRef = 505A6C1021BE449100011D7A /* KKMineTableViewCell.m */; };
		505A6C1421BE449100011D7A /* KKMineTableViewCell.xib in Resources */ = {isa = PBXBuildFile; fileRef = 505A6C1121BE449100011D7A /* KKMineTableViewCell.xib */; };
		505A6C1821BE44E400011D7A /* KKAboutMineViewController.m in Sources */ = {isa = PBXBuildFile; fileRef = 505A6C1621BE44E400011D7A /* KKAboutMineViewController.m */; };
		505A6C1921BE44E400011D7A /* KKAboutMineViewController.xib in Resources */ = {isa = PBXBuildFile; fileRef = 505A6C1721BE44E400011D7A /* KKAboutMineViewController.xib */; };
		505A6C1F21BE4C1600011D7A /* GamesTableViewCell.m in Sources */ = {isa = PBXBuildFile; fileRef = 505A6C1D21BE4C1600011D7A /* GamesTableViewCell.m */; };
		505A6C2021BE4C1600011D7A /* GamesTableViewCell.xib in Resources */ = {isa = PBXBuildFile; fileRef = 505A6C1E21BE4C1600011D7A /* GamesTableViewCell.xib */; };
		505A6C2421BE536F00011D7A /* DetailViewController.m in Sources */ = {isa = PBXBuildFile; fileRef = 505A6C2221BE536F00011D7A /* DetailViewController.m */; };
		505A6C2521BE536F00011D7A /* DetailViewController.xib in Resources */ = {isa = PBXBuildFile; fileRef = 505A6C2321BE536F00011D7A /* DetailViewController.xib */; };
		505A6C2921BE55B600011D7A /* DetailTableViewCell.m in Sources */ = {isa = PBXBuildFile; fileRef = 505A6C2721BE55B600011D7A /* DetailTableViewCell.m */; };
		505A6C2A21BE55B600011D7A /* DetailTableViewCell.xib in Resources */ = {isa = PBXBuildFile; fileRef = 505A6C2821BE55B600011D7A /* DetailTableViewCell.xib */; };
		505A6C2E21BE5CD600011D7A /* DeleteViewController.m in Sources */ = {isa = PBXBuildFile; fileRef = 505A6C2C21BE5CD600011D7A /* DeleteViewController.m */; };
		505A6C2F21BE5CD600011D7A /* DeleteViewController.xib in Resources */ = {isa = PBXBuildFile; fileRef = 505A6C2D21BE5CD600011D7A /* DeleteViewController.xib */; };
		505A6C3721BE5EAB00011D7A /* DeleteTableViewCell.m in Sources */ = {isa = PBXBuildFile; fileRef = 505A6C3521BE5EAB00011D7A /* DeleteTableViewCell.m */; };
		505A6C3821BE5EAB00011D7A /* DeleteTableViewCell.xib in Resources */ = {isa = PBXBuildFile; fileRef = 505A6C3621BE5EAB00011D7A /* DeleteTableViewCell.xib */; };
		505A6C3C21BE631600011D7A /* AddNumberViewController.m in Sources */ = {isa = PBXBuildFile; fileRef = 505A6C3A21BE631600011D7A /* AddNumberViewController.m */; };
		505A6C3D21BE631600011D7A /* AddNumberViewController.xib in Resources */ = {isa = PBXBuildFile; fileRef = 505A6C3B21BE631600011D7A /* AddNumberViewController.xib */; };
		505A6C4121BE63EE00011D7A /* KKAddNumberTableViewCell.m in Sources */ = {isa = PBXBuildFile; fileRef = 505A6C3F21BE63EE00011D7A /* KKAddNumberTableViewCell.m */; };
		505A6C4221BE63EE00011D7A /* KKAddNumberTableViewCell.xib in Resources */ = {isa = PBXBuildFile; fileRef = 505A6C4021BE63EE00011D7A /* KKAddNumberTableViewCell.xib */; };
		505A6C4621BE706200011D7A /* AddGameViewController.m in Sources */ = {isa = PBXBuildFile; fileRef = 505A6C4421BE706200011D7A /* AddGameViewController.m */; };
		505A6C4721BE706200011D7A /* AddGameViewController.xib in Resources */ = {isa = PBXBuildFile; fileRef = 505A6C4521BE706200011D7A /* AddGameViewController.xib */; };
		505A6C4B21BE707F00011D7A /* AddGameTableViewCell.m in Sources */ = {isa = PBXBuildFile; fileRef = 505A6C4921BE707F00011D7A /* AddGameTableViewCell.m */; };
		505A6C4C21BE707F00011D7A /* AddGameTableViewCell.xib in Resources */ = {isa = PBXBuildFile; fileRef = 505A6C4A21BE707F00011D7A /* AddGameTableViewCell.xib */; };
		505A6C5021BE7BE000011D7A /* KOpinionViewController.m in Sources */ = {isa = PBXBuildFile; fileRef = 505A6C4E21BE7BE000011D7A /* KOpinionViewController.m */; };
		505A6C5121BE7BE000011D7A /* KOpinionViewController.xib in Resources */ = {isa = PBXBuildFile; fileRef = 505A6C4F21BE7BE000011D7A /* KOpinionViewController.xib */; };
		505A6C5521BE7D6A00011D7A /* KKFillContantTableViewCell.xib in Resources */ = {isa = PBXBuildFile; fileRef = 505A6C5221BE7D6900011D7A /* KKFillContantTableViewCell.xib */; };
		505A6C5621BE7D6A00011D7A /* KKFillContantTableViewCell.m in Sources */ = {isa = PBXBuildFile; fileRef = 505A6C5421BE7D6A00011D7A /* KKFillContantTableViewCell.m */; };
		505A6C6A21C0FEC700011D7A /* XXToast.m in Sources */ = {isa = PBXBuildFile; fileRef = 505A6C5921C0FEBF00011D7A /* XXToast.m */; };
		505A6C6B21C0FEC700011D7A /* AppURL.m in Sources */ = {isa = PBXBuildFile; fileRef = 505A6C5C21C0FEBF00011D7A /* AppURL.m */; };
		505A6C6C21C0FEC700011D7A /* NSDictionary+codeString.m in Sources */ = {isa = PBXBuildFile; fileRef = 505A6C6221C0FEC100011D7A /* NSDictionary+codeString.m */; };
		505A6C6D21C0FEC700011D7A /* NSString+Code.m in Sources */ = {isa = PBXBuildFile; fileRef = 505A6C6321C0FEC100011D7A /* NSString+Code.m */; };
		505A6C6E21C0FEC700011D7A /* UIView+addGradualLayer.m in Sources */ = {isa = PBXBuildFile; fileRef = 505A6C6421C0FEC100011D7A /* UIView+addGradualLayer.m */; };
		505A6C6F21C0FEC700011D7A /* XXRequest.m in Sources */ = {isa = PBXBuildFile; fileRef = 505A6C6621C0FEC200011D7A /* XXRequest.m */; };
		505A6C7021C0FEC700011D7A /* AppDeviceMode.m in Sources */ = {isa = PBXBuildFile; fileRef = 505A6C6821C0FEC200011D7A /* AppDeviceMode.m */; };
		505A6C7421C1047500011D7A /* KTransferViewController.m in Sources */ = {isa = PBXBuildFile; fileRef = 505A6C7221C1047500011D7A /* KTransferViewController.m */; };
		505A6C7521C1047500011D7A /* KTransferViewController.xib in Resources */ = {isa = PBXBuildFile; fileRef = 505A6C7321C1047500011D7A /* KTransferViewController.xib */; };
		505A6C7921C116EA00011D7A /* KKIudgeViewController.m in Sources */ = {isa = PBXBuildFile; fileRef = 505A6C7721C116EA00011D7A /* KKIudgeViewController.m */; };
		505A6C7A21C116EA00011D7A /* KKIudgeViewController.xib in Resources */ = {isa = PBXBuildFile; fileRef = 505A6C7821C116EA00011D7A /* KKIudgeViewController.xib */; };
		505A6CB121C22CA400011D7A /* InfoPlist.strings in Resources */ = {isa = PBXBuildFile; fileRef = 505A6CB321C22CA400011D7A /* InfoPlist.strings */; };
		505A6CDB21C2501800011D7A /* Localizable.strings in Resources */ = {isa = PBXBuildFile; fileRef = 505A6CDD21C2501800011D7A /* Localizable.strings */; };
		50742C6521E837C5007BFDC8 /* launch_icon.jpg in Resources */ = {isa = PBXBuildFile; fileRef = 50742C6421E837C5007BFDC8 /* launch_icon.jpg */; };
		609E7C604908ECCE640B431E /* libPods-BoardGamesItems.a in Frameworks */ = {isa = PBXBuildFile; fileRef = 80E132E19DC56F8794F48EFE /* libPods-BoardGamesItems.a */; };
/* End PBXBuildFile section */

/* Begin PBXContainerItemProxy section */
		505A6B7F21BE30C300011D7A /* PBXContainerItemProxy */ = {
			isa = PBXContainerItemProxy;
			containerPortal = 505A6B5E21BE30C100011D7A /* Project object */;
			proxyType = 1;
			remoteGlobalIDString = 505A6B6521BE30C100011D7A;
			remoteInfo = BoardGamesItems;
		};
		505A6B8A21BE30C300011D7A /* PBXContainerItemProxy */ = {
			isa = PBXContainerItemProxy;
			containerPortal = 505A6B5E21BE30C100011D7A /* Project object */;
			proxyType = 1;
			remoteGlobalIDString = 505A6B6521BE30C100011D7A;
			remoteInfo = BoardGamesItems;
		};
/* End PBXContainerItemProxy section */

/* Begin PBXFileReference section */
		1AB3D92E8DBE96037CF3BE72 /* Pods-BoardGamesItems.debug.xcconfig */ = {isa = PBXFileReference; includeInIndex = 1; lastKnownFileType = text.xcconfig; name = "Pods-BoardGamesItems.debug.xcconfig"; path = "Pods/Target Support Files/Pods-BoardGamesItems/Pods-BoardGamesItems.debug.xcconfig"; sourceTree = "<group>"; };
		505A6B6621BE30C100011D7A /* BoardGamesItems.app */ = {isa = PBXFileReference; explicitFileType = wrapper.application; includeInIndex = 0; path = BoardGamesItems.app; sourceTree = BUILT_PRODUCTS_DIR; };
		505A6B6C21BE30C100011D7A /* ViewController.h */ = {isa = PBXFileReference; lastKnownFileType = sourcecode.c.h; path = ViewController.h; sourceTree = "<group>"; };
		505A6B6D21BE30C100011D7A /* ViewController.m */ = {isa = PBXFileReference; lastKnownFileType = sourcecode.c.objc; path = ViewController.m; sourceTree = "<group>"; };
		505A6B7021BE30C100011D7A /* Base */ = {isa = PBXFileReference; lastKnownFileType = file.storyboard; name = Base; path = Base.lproj/Main.storyboard; sourceTree = "<group>"; };
		505A6B7221BE30C300011D7A /* Assets.xcassets */ = {isa = PBXFileReference; lastKnownFileType = folder.assetcatalog; path = Assets.xcassets; sourceTree = "<group>"; };
		505A6B7521BE30C300011D7A /* Base */ = {isa = PBXFileReference; lastKnownFileType = file.storyboard; name = Base; path = Base.lproj/LaunchScreen.storyboard; sourceTree = "<group>"; };
		505A6B7721BE30C300011D7A /* Info.plist */ = {isa = PBXFileReference; lastKnownFileType = text.plist.xml; path = Info.plist; sourceTree = "<group>"; };
		505A6B7821BE30C300011D7A /* main.m */ = {isa = PBXFileReference; lastKnownFileType = sourcecode.c.objc; path = main.m; sourceTree = "<group>"; };
		505A6B7E21BE30C300011D7A /* BoardGamesItemsTests.xctest */ = {isa = PBXFileReference; explicitFileType = wrapper.cfbundle; includeInIndex = 0; path = BoardGamesItemsTests.xctest; sourceTree = BUILT_PRODUCTS_DIR; };
		505A6B8221BE30C300011D7A /* BoardGamesItemsTests.m */ = {isa = PBXFileReference; lastKnownFileType = sourcecode.c.objc; path = BoardGamesItemsTests.m; sourceTree = "<group>"; };
		505A6B8421BE30C300011D7A /* Info.plist */ = {isa = PBXFileReference; lastKnownFileType = text.plist.xml; path = Info.plist; sourceTree = "<group>"; };
		505A6B8921BE30C300011D7A /* BoardGamesItemsUITests.xctest */ = {isa = PBXFileReference; explicitFileType = wrapper.cfbundle; includeInIndex = 0; path = BoardGamesItemsUITests.xctest; sourceTree = BUILT_PRODUCTS_DIR; };
		505A6B8D21BE30C300011D7A /* BoardGamesItemsUITests.m */ = {isa = PBXFileReference; lastKnownFileType = sourcecode.c.objc; path = BoardGamesItemsUITests.m; sourceTree = "<group>"; };
		505A6B8F21BE30C300011D7A /* Info.plist */ = {isa = PBXFileReference; lastKnownFileType = text.plist.xml; path = Info.plist; sourceTree = "<group>"; };
		505A6B9C21BE3B9F00011D7A /* KKDelegateViewController.h */ = {isa = PBXFileReference; fileEncoding = 4; lastKnownFileType = sourcecode.c.h; path = KKDelegateViewController.h; sourceTree = "<group>"; };
		505A6B9D21BE3B9F00011D7A /* KKRootTabBarViewController.m */ = {isa = PBXFileReference; fileEncoding = 4; lastKnownFileType = sourcecode.c.objc; path = KKRootTabBarViewController.m; sourceTree = "<group>"; };
		505A6B9E21BE3B9F00011D7A /* KKRootTabBarViewController.h */ = {isa = PBXFileReference; fileEncoding = 4; lastKnownFileType = sourcecode.c.h; path = KKRootTabBarViewController.h; sourceTree = "<group>"; };
		505A6B9F21BE3B9F00011D7A /* KKDelegateViewController.m */ = {isa = PBXFileReference; fileEncoding = 4; lastKnownFileType = sourcecode.c.objc; path = KKDelegateViewController.m; sourceTree = "<group>"; };
		505A6BA021BE3B9F00011D7A /* KKDelegateViewController.xib */ = {isa = PBXFileReference; fileEncoding = 4; lastKnownFileType = file.xib; path = KKDelegateViewController.xib; sourceTree = "<group>"; };
		505A6BA621BE3C5D00011D7A /* AppDelegate.h */ = {isa = PBXFileReference; fileEncoding = 4; lastKnownFileType = sourcecode.c.h; path = AppDelegate.h; sourceTree = "<group>"; };
		505A6BA721BE3C5D00011D7A /* AppDelegate.m */ = {isa = PBXFileReference; fileEncoding = 4; lastKnownFileType = sourcecode.c.objc; path = AppDelegate.m; sourceTree = "<group>"; };
		505A6BAC21BE3CA300011D7A /* MMCleanCacheManager.m */ = {isa = PBXFileReference; fileEncoding = 4; lastKnownFileType = sourcecode.c.objc; path = MMCleanCacheManager.m; sourceTree = "<group>"; };
		505A6BAD21BE3CA300011D7A /* MMCleanCacheManager.h */ = {isa = PBXFileReference; fileEncoding = 4; lastKnownFileType = sourcecode.c.h; path = MMCleanCacheManager.h; sourceTree = "<group>"; };
		505A6BAF21BE3CA300011D7A /* JSCommonAlertView.h */ = {isa = PBXFileReference; fileEncoding = 4; lastKnownFileType = sourcecode.c.h; path = JSCommonAlertView.h; sourceTree = "<group>"; };
		505A6BB021BE3CA300011D7A /* JSCommonAlertView.m */ = {isa = PBXFileReference; fileEncoding = 4; lastKnownFileType = sourcecode.c.objc; path = JSCommonAlertView.m; sourceTree = "<group>"; };
		505A6BB221BE3CA400011D7A /* SMPageStyle.h */ = {isa = PBXFileReference; fileEncoding = 4; lastKnownFileType = sourcecode.c.h; path = SMPageStyle.h; sourceTree = "<group>"; };
		505A6BB321BE3CA400011D7A /* UIViewController+TouchAvatar.m */ = {isa = PBXFileReference; fileEncoding = 4; lastKnownFileType = sourcecode.c.objc; path = "UIViewController+TouchAvatar.m"; sourceTree = "<group>"; };
		505A6BB421BE3CA400011D7A /* UINavigationBar+BackgroundColor.m */ = {isa = PBXFileReference; fileEncoding = 4; lastKnownFileType = sourcecode.c.objc; path = "UINavigationBar+BackgroundColor.m"; sourceTree = "<group>"; };
		505A6BB521BE3CA400011D7A /* UITextView+CustomFont.h */ = {isa = PBXFileReference; fileEncoding = 4; lastKnownFileType = sourcecode.c.h; path = "UITextView+CustomFont.h"; sourceTree = "<group>"; };
		505A6BB621BE3CA400011D7A /* UIViewController+BackgroundAlpha.h */ = {isa = PBXFileReference; fileEncoding = 4; lastKnownFileType = sourcecode.c.h; path = "UIViewController+BackgroundAlpha.h"; sourceTree = "<group>"; };
		505A6BB721BE3CA400011D7A /* UITableView+JSCustom.m */ = {isa = PBXFileReference; fileEncoding = 4; lastKnownFileType = sourcecode.c.objc; path = "UITableView+JSCustom.m"; sourceTree = "<group>"; };
		505A6BB821BE3CA400011D7A /* JS3DImageViewController.m */ = {isa = PBXFileReference; fileEncoding = 4; lastKnownFileType = sourcecode.c.objc; path = JS3DImageViewController.m; sourceTree = "<group>"; };
		505A6BB921BE3CA400011D7A /* UIViewController+TouchAvatar.h */ = {isa = PBXFileReference; fileEncoding = 4; lastKnownFileType = sourcecode.c.h; path = "UIViewController+TouchAvatar.h"; sourceTree = "<group>"; };
		505A6BBA21BE3CA400011D7A /* UIViewController+BackgroundAlpha.m */ = {isa = PBXFileReference; fileEncoding = 4; lastKnownFileType = sourcecode.c.objc; path = "UIViewController+BackgroundAlpha.m"; sourceTree = "<group>"; };
		505A6BBB21BE3CA400011D7A /* UINavigationBar+BackgroundColor.h */ = {isa = PBXFileReference; fileEncoding = 4; lastKnownFileType = sourcecode.c.h; path = "UINavigationBar+BackgroundColor.h"; sourceTree = "<group>"; };
		505A6BBC21BE3CA400011D7A /* UITextView+CustomFont.m */ = {isa = PBXFileReference; fileEncoding = 4; lastKnownFileType = sourcecode.c.objc; path = "UITextView+CustomFont.m"; sourceTree = "<group>"; };
		505A6BBD21BE3CA400011D7A /* JS3DImageViewController.h */ = {isa = PBXFileReference; fileEncoding = 4; lastKnownFileType = sourcecode.c.h; path = JS3DImageViewController.h; sourceTree = "<group>"; };
		505A6BBE21BE3CA400011D7A /* UITableView+JSCustom.h */ = {isa = PBXFileReference; fileEncoding = 4; lastKnownFileType = sourcecode.c.h; path = "UITableView+JSCustom.h"; sourceTree = "<group>"; };
		505A6BC021BE3CA400011D7A /* JSFastLoginModel.m */ = {isa = PBXFileReference; fileEncoding = 4; lastKnownFileType = sourcecode.c.objc; path = JSFastLoginModel.m; sourceTree = "<group>"; };
		505A6BC121BE3CA400011D7A /* JSLocalStorageKit.m */ = {isa = PBXFileReference; fileEncoding = 4; lastKnownFileType = sourcecode.c.objc; path = JSLocalStorageKit.m; sourceTree = "<group>"; };
		505A6BC221BE3CA400011D7A /* JSClassModel.h */ = {isa = PBXFileReference; fileEncoding = 4; lastKnownFileType = sourcecode.c.h; path = JSClassModel.h; sourceTree = "<group>"; };
		505A6BC321BE3CA400011D7A /* JSUserInfo.m */ = {isa = PBXFileReference; fileEncoding = 4; lastKnownFileType = sourcecode.c.objc; path = JSUserInfo.m; sourceTree = "<group>"; };
		505A6BC421BE3CA400011D7A /* JSFastLoginModel.h */ = {isa = PBXFileReference; fileEncoding = 4; lastKnownFileType = sourcecode.c.h; path = JSFastLoginModel.h; sourceTree = "<group>"; };
		505A6BC521BE3CA400011D7A /* JSLocalStorageKit.h */ = {isa = PBXFileReference; fileEncoding = 4; lastKnownFileType = sourcecode.c.h; path = JSLocalStorageKit.h; sourceTree = "<group>"; };
		505A6BC621BE3CA400011D7A /* JSUserInfo.h */ = {isa = PBXFileReference; fileEncoding = 4; lastKnownFileType = sourcecode.c.h; path = JSUserInfo.h; sourceTree = "<group>"; };
		505A6BC721BE3CA400011D7A /* JSClassModel.m */ = {isa = PBXFileReference; fileEncoding = 4; lastKnownFileType = sourcecode.c.objc; path = JSClassModel.m; sourceTree = "<group>"; };
		505A6BC921BE3CA400011D7A /* JSSelectViewTool.h */ = {isa = PBXFileReference; fileEncoding = 4; lastKnownFileType = sourcecode.c.h; path = JSSelectViewTool.h; sourceTree = "<group>"; };
		505A6BCA21BE3CA400011D7A /* DefineHeader.h */ = {isa = PBXFileReference; fileEncoding = 4; lastKnownFileType = sourcecode.c.h; path = DefineHeader.h; sourceTree = "<group>"; };
		505A6BCB21BE3CA400011D7A /* JSSelectViewTool.m */ = {isa = PBXFileReference; fileEncoding = 4; lastKnownFileType = sourcecode.c.objc; path = JSSelectViewTool.m; sourceTree = "<group>"; };
		505A6BCD21BE3CA400011D7A /* districts_bak.xml */ = {isa = PBXFileReference; fileEncoding = 4; lastKnownFileType = text.xml; path = districts_bak.xml; sourceTree = "<group>"; };
		505A6BDC21BE3D2F00011D7A /* KKMineViewController.h */ = {isa = PBXFileReference; lastKnownFileType = sourcecode.c.h; path = KKMineViewController.h; sourceTree = "<group>"; };
		505A6BDD21BE3D2F00011D7A /* KKMineViewController.m */ = {isa = PBXFileReference; lastKnownFileType = sourcecode.c.objc; path = KKMineViewController.m; sourceTree = "<group>"; };
		505A6BDE21BE3D2F00011D7A /* KKMineViewController.xib */ = {isa = PBXFileReference; lastKnownFileType = file.xib; path = KKMineViewController.xib; sourceTree = "<group>"; };
		505A6BE121BE3D4100011D7A /* GamesViewController.h */ = {isa = PBXFileReference; lastKnownFileType = sourcecode.c.h; path = GamesViewController.h; sourceTree = "<group>"; };
		505A6BE221BE3D4100011D7A /* GamesViewController.m */ = {isa = PBXFileReference; lastKnownFileType = sourcecode.c.objc; path = GamesViewController.m; sourceTree = "<group>"; };
		505A6BE321BE3D4100011D7A /* GamesViewController.xib */ = {isa = PBXFileReference; lastKnownFileType = file.xib; path = GamesViewController.xib; sourceTree = "<group>"; };
		505A6BE621BE3DD800011D7A /* Header.h */ = {isa = PBXFileReference; lastKnownFileType = sourcecode.c.h; path = Header.h; sourceTree = "<group>"; };
		505A6BE721BE3E0E00011D7A /* PrefixHeader.pch */ = {isa = PBXFileReference; lastKnownFileType = sourcecode.c.h; path = PrefixHeader.pch; sourceTree = "<group>"; };
		505A6BE821BE42EF00011D7A /* KPersonViewController.h */ = {isa = PBXFileReference; fileEncoding = 4; lastKnownFileType = sourcecode.c.h; path = KPersonViewController.h; sourceTree = "<group>"; };
		505A6BE921BE42EF00011D7A /* KPersonViewController.m */ = {isa = PBXFileReference; fileEncoding = 4; lastKnownFileType = sourcecode.c.objc; path = KPersonViewController.m; sourceTree = "<group>"; };
		505A6BEA21BE42EF00011D7A /* KPersonViewController.xib */ = {isa = PBXFileReference; fileEncoding = 4; lastKnownFileType = file.xib; path = KPersonViewController.xib; sourceTree = "<group>"; };
		505A6BEE21BE438900011D7A /* JSFPictureManager.m */ = {isa = PBXFileReference; fileEncoding = 4; lastKnownFileType = sourcecode.c.objc; path = JSFPictureManager.m; sourceTree = "<group>"; };
		505A6BF021BE438900011D7A /* GroupTableViewCell.m */ = {isa = PBXFileReference; fileEncoding = 4; lastKnownFileType = sourcecode.c.objc; path = GroupTableViewCell.m; sourceTree = "<group>"; };
		505A6BF121BE438900011D7A /* GroupTableViewController.h */ = {isa = PBXFileReference; fileEncoding = 4; lastKnownFileType = sourcecode.c.h; path = GroupTableViewController.h; sourceTree = "<group>"; };
		505A6BF221BE438900011D7A /* GroupTableViewCell.h */ = {isa = PBXFileReference; fileEncoding = 4; lastKnownFileType = sourcecode.c.h; path = GroupTableViewCell.h; sourceTree = "<group>"; };
		505A6BF321BE438900011D7A /* GroupTableViewController.m */ = {isa = PBXFileReference; fileEncoding = 4; lastKnownFileType = sourcecode.c.objc; path = GroupTableViewController.m; sourceTree = "<group>"; };
		505A6BF421BE438900011D7A /* UIImage+ScaleImage.m */ = {isa = PBXFileReference; fileEncoding = 4; lastKnownFileType = sourcecode.c.objc; path = "UIImage+ScaleImage.m"; sourceTree = "<group>"; };
		505A6BF521BE438900011D7A /* JSFPictureManager.h */ = {isa = PBXFileReference; fileEncoding = 4; lastKnownFileType = sourcecode.c.h; path = JSFPictureManager.h; sourceTree = "<group>"; };
		505A6BF721BE438900011D7A /* PhotoDetailsCollectionViewCell.m */ = {isa = PBXFileReference; fileEncoding = 4; lastKnownFileType = sourcecode.c.objc; path = PhotoDetailsCollectionViewCell.m; sourceTree = "<group>"; };
		505A6BF821BE438900011D7A /* PhotoDetailsCollectionViewController.m */ = {isa = PBXFileReference; fileEncoding = 4; lastKnownFileType = sourcecode.c.objc; path = PhotoDetailsCollectionViewController.m; sourceTree = "<group>"; };
		505A6BF921BE438900011D7A /* PhotoDetailsCollectionViewCell.h */ = {isa = PBXFileReference; fileEncoding = 4; lastKnownFileType = sourcecode.c.h; path = PhotoDetailsCollectionViewCell.h; sourceTree = "<group>"; };
		505A6BFA21BE438900011D7A /* PhotoDetailsCollectionViewController.h */ = {isa = PBXFileReference; fileEncoding = 4; lastKnownFileType = sourcecode.c.h; path = PhotoDetailsCollectionViewController.h; sourceTree = "<group>"; };
		505A6BFB21BE438900011D7A /* UIImage+ScaleImage.h */ = {isa = PBXFileReference; fileEncoding = 4; lastKnownFileType = sourcecode.c.h; path = "UIImage+ScaleImage.h"; sourceTree = "<group>"; };
		505A6BFD21BE438900011D7A /* AllAlbumViewController.m */ = {isa = PBXFileReference; fileEncoding = 4; lastKnownFileType = sourcecode.c.objc; path = AllAlbumViewController.m; sourceTree = "<group>"; };
		505A6BFE21BE438900011D7A /* AllAlbumCollectionViewCell.h */ = {isa = PBXFileReference; fileEncoding = 4; lastKnownFileType = sourcecode.c.h; path = AllAlbumCollectionViewCell.h; sourceTree = "<group>"; };
		505A6BFF21BE438900011D7A /* AllAlbumViewController.h */ = {isa = PBXFileReference; fileEncoding = 4; lastKnownFileType = sourcecode.c.h; path = AllAlbumViewController.h; sourceTree = "<group>"; };
		505A6C0021BE438900011D7A /* AllAlbumCollectionViewCell.m */ = {isa = PBXFileReference; fileEncoding = 4; lastKnownFileType = sourcecode.c.objc; path = AllAlbumCollectionViewCell.m; sourceTree = "<group>"; };
		505A6C0B21BE443000011D7A /* KKPersonalTableViewCell.h */ = {isa = PBXFileReference; fileEncoding = 4; lastKnownFileType = sourcecode.c.h; path = KKPersonalTableViewCell.h; sourceTree = "<group>"; };
		505A6C0C21BE443000011D7A /* KKPersonalTableViewCell.m */ = {isa = PBXFileReference; fileEncoding = 4; lastKnownFileType = sourcecode.c.objc; path = KKPersonalTableViewCell.m; sourceTree = "<group>"; };
		505A6C0D21BE443100011D7A /* KKPersonalTableViewCell.xib */ = {isa = PBXFileReference; fileEncoding = 4; lastKnownFileType = file.xib; path = KKPersonalTableViewCell.xib; sourceTree = "<group>"; };
		505A6C1021BE449100011D7A /* KKMineTableViewCell.m */ = {isa = PBXFileReference; fileEncoding = 4; lastKnownFileType = sourcecode.c.objc; path = KKMineTableViewCell.m; sourceTree = "<group>"; };
		505A6C1121BE449100011D7A /* KKMineTableViewCell.xib */ = {isa = PBXFileReference; fileEncoding = 4; lastKnownFileType = file.xib; path = KKMineTableViewCell.xib; sourceTree = "<group>"; };
		505A6C1221BE449100011D7A /* KKMineTableViewCell.h */ = {isa = PBXFileReference; fileEncoding = 4; lastKnownFileType = sourcecode.c.h; path = KKMineTableViewCell.h; sourceTree = "<group>"; };
		505A6C1521BE44E300011D7A /* KKAboutMineViewController.h */ = {isa = PBXFileReference; fileEncoding = 4; lastKnownFileType = sourcecode.c.h; path = KKAboutMineViewController.h; sourceTree = "<group>"; };
		505A6C1621BE44E400011D7A /* KKAboutMineViewController.m */ = {isa = PBXFileReference; fileEncoding = 4; lastKnownFileType = sourcecode.c.objc; path = KKAboutMineViewController.m; sourceTree = "<group>"; };
		505A6C1721BE44E400011D7A /* KKAboutMineViewController.xib */ = {isa = PBXFileReference; fileEncoding = 4; lastKnownFileType = file.xib; path = KKAboutMineViewController.xib; sourceTree = "<group>"; };
		505A6C1C21BE4C1600011D7A /* GamesTableViewCell.h */ = {isa = PBXFileReference; lastKnownFileType = sourcecode.c.h; path = GamesTableViewCell.h; sourceTree = "<group>"; };
		505A6C1D21BE4C1600011D7A /* GamesTableViewCell.m */ = {isa = PBXFileReference; lastKnownFileType = sourcecode.c.objc; path = GamesTableViewCell.m; sourceTree = "<group>"; };
		505A6C1E21BE4C1600011D7A /* GamesTableViewCell.xib */ = {isa = PBXFileReference; lastKnownFileType = file.xib; path = GamesTableViewCell.xib; sourceTree = "<group>"; };
		505A6C2121BE536F00011D7A /* DetailViewController.h */ = {isa = PBXFileReference; lastKnownFileType = sourcecode.c.h; path = DetailViewController.h; sourceTree = "<group>"; };
		505A6C2221BE536F00011D7A /* DetailViewController.m */ = {isa = PBXFileReference; lastKnownFileType = sourcecode.c.objc; path = DetailViewController.m; sourceTree = "<group>"; };
		505A6C2321BE536F00011D7A /* DetailViewController.xib */ = {isa = PBXFileReference; lastKnownFileType = file.xib; path = DetailViewController.xib; sourceTree = "<group>"; };
		505A6C2621BE55B600011D7A /* DetailTableViewCell.h */ = {isa = PBXFileReference; lastKnownFileType = sourcecode.c.h; path = DetailTableViewCell.h; sourceTree = "<group>"; };
		505A6C2721BE55B600011D7A /* DetailTableViewCell.m */ = {isa = PBXFileReference; lastKnownFileType = sourcecode.c.objc; path = DetailTableViewCell.m; sourceTree = "<group>"; };
		505A6C2821BE55B600011D7A /* DetailTableViewCell.xib */ = {isa = PBXFileReference; lastKnownFileType = file.xib; path = DetailTableViewCell.xib; sourceTree = "<group>"; };
		505A6C2B21BE5CD600011D7A /* DeleteViewController.h */ = {isa = PBXFileReference; lastKnownFileType = sourcecode.c.h; path = DeleteViewController.h; sourceTree = "<group>"; };
		505A6C2C21BE5CD600011D7A /* DeleteViewController.m */ = {isa = PBXFileReference; lastKnownFileType = sourcecode.c.objc; path = DeleteViewController.m; sourceTree = "<group>"; };
		505A6C2D21BE5CD600011D7A /* DeleteViewController.xib */ = {isa = PBXFileReference; lastKnownFileType = file.xib; path = DeleteViewController.xib; sourceTree = "<group>"; };
		505A6C3421BE5EAB00011D7A /* DeleteTableViewCell.h */ = {isa = PBXFileReference; lastKnownFileType = sourcecode.c.h; path = DeleteTableViewCell.h; sourceTree = "<group>"; };
		505A6C3521BE5EAB00011D7A /* DeleteTableViewCell.m */ = {isa = PBXFileReference; lastKnownFileType = sourcecode.c.objc; path = DeleteTableViewCell.m; sourceTree = "<group>"; };
		505A6C3621BE5EAB00011D7A /* DeleteTableViewCell.xib */ = {isa = PBXFileReference; lastKnownFileType = file.xib; path = DeleteTableViewCell.xib; sourceTree = "<group>"; };
		505A6C3921BE631600011D7A /* AddNumberViewController.h */ = {isa = PBXFileReference; lastKnownFileType = sourcecode.c.h; path = AddNumberViewController.h; sourceTree = "<group>"; };
		505A6C3A21BE631600011D7A /* AddNumberViewController.m */ = {isa = PBXFileReference; lastKnownFileType = sourcecode.c.objc; path = AddNumberViewController.m; sourceTree = "<group>"; };
		505A6C3B21BE631600011D7A /* AddNumberViewController.xib */ = {isa = PBXFileReference; lastKnownFileType = file.xib; path = AddNumberViewController.xib; sourceTree = "<group>"; };
		505A6C3E21BE63EE00011D7A /* KKAddNumberTableViewCell.h */ = {isa = PBXFileReference; lastKnownFileType = sourcecode.c.h; path = KKAddNumberTableViewCell.h; sourceTree = "<group>"; };
		505A6C3F21BE63EE00011D7A /* KKAddNumberTableViewCell.m */ = {isa = PBXFileReference; lastKnownFileType = sourcecode.c.objc; path = KKAddNumberTableViewCell.m; sourceTree = "<group>"; };
		505A6C4021BE63EE00011D7A /* KKAddNumberTableViewCell.xib */ = {isa = PBXFileReference; lastKnownFileType = file.xib; path = KKAddNumberTableViewCell.xib; sourceTree = "<group>"; };
		505A6C4321BE706200011D7A /* AddGameViewController.h */ = {isa = PBXFileReference; lastKnownFileType = sourcecode.c.h; path = AddGameViewController.h; sourceTree = "<group>"; };
		505A6C4421BE706200011D7A /* AddGameViewController.m */ = {isa = PBXFileReference; lastKnownFileType = sourcecode.c.objc; path = AddGameViewController.m; sourceTree = "<group>"; };
		505A6C4521BE706200011D7A /* AddGameViewController.xib */ = {isa = PBXFileReference; lastKnownFileType = file.xib; path = AddGameViewController.xib; sourceTree = "<group>"; };
		505A6C4821BE707F00011D7A /* AddGameTableViewCell.h */ = {isa = PBXFileReference; lastKnownFileType = sourcecode.c.h; path = AddGameTableViewCell.h; sourceTree = "<group>"; };
		505A6C4921BE707F00011D7A /* AddGameTableViewCell.m */ = {isa = PBXFileReference; lastKnownFileType = sourcecode.c.objc; path = AddGameTableViewCell.m; sourceTree = "<group>"; };
		505A6C4A21BE707F00011D7A /* AddGameTableViewCell.xib */ = {isa = PBXFileReference; lastKnownFileType = file.xib; path = AddGameTableViewCell.xib; sourceTree = "<group>"; };
		505A6C4D21BE7BE000011D7A /* KOpinionViewController.h */ = {isa = PBXFileReference; lastKnownFileType = sourcecode.c.h; path = KOpinionViewController.h; sourceTree = "<group>"; };
		505A6C4E21BE7BE000011D7A /* KOpinionViewController.m */ = {isa = PBXFileReference; lastKnownFileType = sourcecode.c.objc; path = KOpinionViewController.m; sourceTree = "<group>"; };
		505A6C4F21BE7BE000011D7A /* KOpinionViewController.xib */ = {isa = PBXFileReference; lastKnownFileType = file.xib; path = KOpinionViewController.xib; sourceTree = "<group>"; };
		505A6C5221BE7D6900011D7A /* KKFillContantTableViewCell.xib */ = {isa = PBXFileReference; fileEncoding = 4; lastKnownFileType = file.xib; path = KKFillContantTableViewCell.xib; sourceTree = "<group>"; };
		505A6C5321BE7D6900011D7A /* KKFillContantTableViewCell.h */ = {isa = PBXFileReference; fileEncoding = 4; lastKnownFileType = sourcecode.c.h; path = KKFillContantTableViewCell.h; sourceTree = "<group>"; };
		505A6C5421BE7D6A00011D7A /* KKFillContantTableViewCell.m */ = {isa = PBXFileReference; fileEncoding = 4; lastKnownFileType = sourcecode.c.objc; path = KKFillContantTableViewCell.m; sourceTree = "<group>"; };
		505A6C5921C0FEBF00011D7A /* XXToast.m */ = {isa = PBXFileReference; fileEncoding = 4; lastKnownFileType = sourcecode.c.objc; path = XXToast.m; sourceTree = "<group>"; };
		505A6C5A21C0FEBF00011D7A /* AppURL.h */ = {isa = PBXFileReference; fileEncoding = 4; lastKnownFileType = sourcecode.c.h; path = AppURL.h; sourceTree = "<group>"; };
		505A6C5B21C0FEBF00011D7A /* XXToast.h */ = {isa = PBXFileReference; fileEncoding = 4; lastKnownFileType = sourcecode.c.h; path = XXToast.h; sourceTree = "<group>"; };
		505A6C5C21C0FEBF00011D7A /* AppURL.m */ = {isa = PBXFileReference; fileEncoding = 4; lastKnownFileType = sourcecode.c.objc; path = AppURL.m; sourceTree = "<group>"; };
		505A6C5D21C0FEC000011D7A /* AppMacro.h */ = {isa = PBXFileReference; fileEncoding = 4; lastKnownFileType = sourcecode.c.h; path = AppMacro.h; sourceTree = "<group>"; };
		505A6C5F21C0FEC100011D7A /* NSDictionary+codeString.h */ = {isa = PBXFileReference; fileEncoding = 4; lastKnownFileType = sourcecode.c.h; path = "NSDictionary+codeString.h"; sourceTree = "<group>"; };
		505A6C6021C0FEC100011D7A /* NSString+Code.h */ = {isa = PBXFileReference; fileEncoding = 4; lastKnownFileType = sourcecode.c.h; path = "NSString+Code.h"; sourceTree = "<group>"; };
		505A6C6121C0FEC100011D7A /* UIView+addGradualLayer.h */ = {isa = PBXFileReference; fileEncoding = 4; lastKnownFileType = sourcecode.c.h; path = "UIView+addGradualLayer.h"; sourceTree = "<group>"; };
		505A6C6221C0FEC100011D7A /* NSDictionary+codeString.m */ = {isa = PBXFileReference; fileEncoding = 4; lastKnownFileType = sourcecode.c.objc; path = "NSDictionary+codeString.m"; sourceTree = "<group>"; };
		505A6C6321C0FEC100011D7A /* NSString+Code.m */ = {isa = PBXFileReference; fileEncoding = 4; lastKnownFileType = sourcecode.c.objc; path = "NSString+Code.m"; sourceTree = "<group>"; };
		505A6C6421C0FEC100011D7A /* UIView+addGradualLayer.m */ = {isa = PBXFileReference; fileEncoding = 4; lastKnownFileType = sourcecode.c.objc; path = "UIView+addGradualLayer.m"; sourceTree = "<group>"; };
		505A6C6621C0FEC200011D7A /* XXRequest.m */ = {isa = PBXFileReference; fileEncoding = 4; lastKnownFileType = sourcecode.c.objc; path = XXRequest.m; sourceTree = "<group>"; };
		505A6C6721C0FEC200011D7A /* XXRequest.h */ = {isa = PBXFileReference; fileEncoding = 4; lastKnownFileType = sourcecode.c.h; path = XXRequest.h; sourceTree = "<group>"; };
		505A6C6821C0FEC200011D7A /* AppDeviceMode.m */ = {isa = PBXFileReference; fileEncoding = 4; lastKnownFileType = sourcecode.c.objc; path = AppDeviceMode.m; sourceTree = "<group>"; };
		505A6C6921C0FEC200011D7A /* AppDeviceMode.h */ = {isa = PBXFileReference; fileEncoding = 4; lastKnownFileType = sourcecode.c.h; path = AppDeviceMode.h; sourceTree = "<group>"; };
		505A6C7121C1047500011D7A /* KTransferViewController.h */ = {isa = PBXFileReference; lastKnownFileType = sourcecode.c.h; path = KTransferViewController.h; sourceTree = "<group>"; };
		505A6C7221C1047500011D7A /* KTransferViewController.m */ = {isa = PBXFileReference; lastKnownFileType = sourcecode.c.objc; path = KTransferViewController.m; sourceTree = "<group>"; };
		505A6C7321C1047500011D7A /* KTransferViewController.xib */ = {isa = PBXFileReference; lastKnownFileType = file.xib; path = KTransferViewController.xib; sourceTree = "<group>"; };
		505A6C7621C116EA00011D7A /* KKIudgeViewController.h */ = {isa = PBXFileReference; lastKnownFileType = sourcecode.c.h; path = KKIudgeViewController.h; sourceTree = "<group>"; };
		505A6C7721C116EA00011D7A /* KKIudgeViewController.m */ = {isa = PBXFileReference; lastKnownFileType = sourcecode.c.objc; path = KKIudgeViewController.m; sourceTree = "<group>"; };
		505A6C7821C116EA00011D7A /* KKIudgeViewController.xib */ = {isa = PBXFileReference; lastKnownFileType = file.xib; path = KKIudgeViewController.xib; sourceTree = "<group>"; };
		505A6CAB21C22B9600011D7A /* zh-Hans */ = {isa = PBXFileReference; lastKnownFileType = text.plist.strings; name = "zh-Hans"; path = "zh-Hans.lproj/Main.strings"; sourceTree = "<group>"; };
		505A6CAC21C22B9700011D7A /* zh-Hans */ = {isa = PBXFileReference; lastKnownFileType = text.plist.strings; name = "zh-Hans"; path = "zh-Hans.lproj/LaunchScreen.strings"; sourceTree = "<group>"; };
		505A6CB221C22CA400011D7A /* en */ = {isa = PBXFileReference; lastKnownFileType = text.plist.strings; name = en; path = en.lproj/InfoPlist.strings; sourceTree = "<group>"; };
		505A6CBA21C22CC700011D7A /* zh-Hans */ = {isa = PBXFileReference; lastKnownFileType = text.plist.strings; name = "zh-Hans"; path = "zh-Hans.lproj/InfoPlist.strings"; sourceTree = "<group>"; };
		505A6CDC21C2501800011D7A /* en */ = {isa = PBXFileReference; lastKnownFileType = text.plist.strings; name = en; path = en.lproj/Localizable.strings; sourceTree = "<group>"; };
		505A6CDE21C2501A00011D7A /* zh-Hans */ = {isa = PBXFileReference; lastKnownFileType = text.plist.strings; name = "zh-Hans"; path = "zh-Hans.lproj/Localizable.strings"; sourceTree = "<group>"; };
		505C996021ED84760014FD34 /* BoardGamesItems.entitlements */ = {isa = PBXFileReference; lastKnownFileType = text.plist.entitlements; path = BoardGamesItems.entitlements; sourceTree = "<group>"; };
		505C996121EDAF710014FD34 /* UserNotifications.framework */ = {isa = PBXFileReference; lastKnownFileType = wrapper.framework; name = UserNotifications.framework; path = System/Library/Frameworks/UserNotifications.framework; sourceTree = SDKROOT; };
		505C996821EDB8D80014FD34 /* CoreTelephony.framework */ = {isa = PBXFileReference; lastKnownFileType = wrapper.framework; name = CoreTelephony.framework; path = System/Library/Frameworks/CoreTelephony.framework; sourceTree = SDKROOT; };
		505C996A21EDB8E30014FD34 /* libz.tbd */ = {isa = PBXFileReference; lastKnownFileType = "sourcecode.text-based-dylib-definition"; name = libz.tbd; path = usr/lib/libz.tbd; sourceTree = SDKROOT; };
		505C996C21EDB8FA0014FD34 /* SystemConfiguration.framework */ = {isa = PBXFileReference; lastKnownFileType = wrapper.framework; name = SystemConfiguration.framework; path = System/Library/Frameworks/SystemConfiguration.framework; sourceTree = SDKROOT; };
		505C996E21EDB9210014FD34 /* libsqlite3.0.tbd */ = {isa = PBXFileReference; lastKnownFileType = "sourcecode.text-based-dylib-definition"; name = libsqlite3.0.tbd; path = usr/lib/libsqlite3.0.tbd; sourceTree = SDKROOT; };
		505C997021EDB9340014FD34 /* libsqlite3.tbd */ = {isa = PBXFileReference; lastKnownFileType = "sourcecode.text-based-dylib-definition"; name = libsqlite3.tbd; path = usr/lib/libsqlite3.tbd; sourceTree = SDKROOT; };
		50742C6421E837C5007BFDC8 /* launch_icon.jpg */ = {isa = PBXFileReference; lastKnownFileType = image.jpeg; path = launch_icon.jpg; sourceTree = "<group>"; };
		80E132E19DC56F8794F48EFE /* libPods-BoardGamesItems.a */ = {isa = PBXFileReference; explicitFileType = archive.ar; includeInIndex = 0; path = "libPods-BoardGamesItems.a"; sourceTree = BUILT_PRODUCTS_DIR; };
		BB34B419008FE59CB600F22B /* Pods-BoardGamesItems.release.xcconfig */ = {isa = PBXFileReference; includeInIndex = 1; lastKnownFileType = text.xcconfig; name = "Pods-BoardGamesItems.release.xcconfig"; path = "Pods/Target Support Files/Pods-BoardGamesItems/Pods-BoardGamesItems.release.xcconfig"; sourceTree = "<group>"; };
/* End PBXFileReference section */

/* Begin PBXFrameworksBuildPhase section */
		505A6B6321BE30C100011D7A /* Frameworks */ = {
			isa = PBXFrameworksBuildPhase;
			buildActionMask = 2147483647;
			files = (
				609E7C604908ECCE640B431E /* libPods-BoardGamesItems.a in Frameworks */,
			);
			runOnlyForDeploymentPostprocessing = 0;
		};
		505A6B7B21BE30C300011D7A /* Frameworks */ = {
			isa = PBXFrameworksBuildPhase;
			buildActionMask = 2147483647;
			files = (
			);
			runOnlyForDeploymentPostprocessing = 0;
		};
		505A6B8621BE30C300011D7A /* Frameworks */ = {
			isa = PBXFrameworksBuildPhase;
			buildActionMask = 2147483647;
			files = (
			);
			runOnlyForDeploymentPostprocessing = 0;
		};
/* End PBXFrameworksBuildPhase section */

/* Begin PBXGroup section */
		505A6B5D21BE30C100011D7A = {
			isa = PBXGroup;
			children = (
				505A6B6821BE30C100011D7A /* BoardGamesItems */,
				505A6B8121BE30C300011D7A /* BoardGamesItemsTests */,
				505A6B8C21BE30C300011D7A /* BoardGamesItemsUITests */,
				505A6B6721BE30C100011D7A /* Products */,
				75EC11D273EA9284784CF558 /* Pods */,
				90BDD06BE253673E95E73B00 /* Frameworks */,
			);
			sourceTree = "<group>";
		};
		505A6B6721BE30C100011D7A /* Products */ = {
			isa = PBXGroup;
			children = (
				505A6B6621BE30C100011D7A /* BoardGamesItems.app */,
				505A6B7E21BE30C300011D7A /* BoardGamesItemsTests.xctest */,
				505A6B8921BE30C300011D7A /* BoardGamesItemsUITests.xctest */,
			);
			name = Products;
			sourceTree = "<group>";
		};
		505A6B6821BE30C100011D7A /* BoardGamesItems */ = {
			isa = PBXGroup;
			children = (
				505C996021ED84760014FD34 /* BoardGamesItems.entitlements */,
				505A6BA521BE3C5D00011D7A /* Application */,
				505A6B9B21BE3B9F00011D7A /* RootTab */,
				505A6BA421BE3C5D00011D7A /* Tool */,
				505A6BA921BE3C5D00011D7A /* Games */,
				505A6BA821BE3C5D00011D7A /* Mine */,
				505A6B6C21BE30C100011D7A /* ViewController.h */,
				505A6B6D21BE30C100011D7A /* ViewController.m */,
				505A6B6F21BE30C100011D7A /* Main.storyboard */,
				505A6B7221BE30C300011D7A /* Assets.xcassets */,
				50742C6421E837C5007BFDC8 /* launch_icon.jpg */,
				505A6B7421BE30C300011D7A /* LaunchScreen.storyboard */,
				505A6B7721BE30C300011D7A /* Info.plist */,
				505A6CDD21C2501800011D7A /* Localizable.strings */,
				505A6CB321C22CA400011D7A /* InfoPlist.strings */,
				505A6BE621BE3DD800011D7A /* Header.h */,
				505A6BE721BE3E0E00011D7A /* PrefixHeader.pch */,
				505A6B7821BE30C300011D7A /* main.m */,
			);
			path = BoardGamesItems;
			sourceTree = "<group>";
		};
		505A6B8121BE30C300011D7A /* BoardGamesItemsTests */ = {
			isa = PBXGroup;
			children = (
				505A6B8221BE30C300011D7A /* BoardGamesItemsTests.m */,
				505A6B8421BE30C300011D7A /* Info.plist */,
			);
			path = BoardGamesItemsTests;
			sourceTree = "<group>";
		};
		505A6B8C21BE30C300011D7A /* BoardGamesItemsUITests */ = {
			isa = PBXGroup;
			children = (
				505A6B8D21BE30C300011D7A /* BoardGamesItemsUITests.m */,
				505A6B8F21BE30C300011D7A /* Info.plist */,
			);
			path = BoardGamesItemsUITests;
			sourceTree = "<group>";
		};
		505A6B9B21BE3B9F00011D7A /* RootTab */ = {
			isa = PBXGroup;
			children = (
				505A6B9E21BE3B9F00011D7A /* KKRootTabBarViewController.h */,
				505A6B9D21BE3B9F00011D7A /* KKRootTabBarViewController.m */,
				505A6B9C21BE3B9F00011D7A /* KKDelegateViewController.h */,
				505A6B9F21BE3B9F00011D7A /* KKDelegateViewController.m */,
				505A6BA021BE3B9F00011D7A /* KKDelegateViewController.xib */,
				505A6C7121C1047500011D7A /* KTransferViewController.h */,
				505A6C7221C1047500011D7A /* KTransferViewController.m */,
				505A6C7321C1047500011D7A /* KTransferViewController.xib */,
				505A6C7621C116EA00011D7A /* KKIudgeViewController.h */,
				505A6C7721C116EA00011D7A /* KKIudgeViewController.m */,
				505A6C7821C116EA00011D7A /* KKIudgeViewController.xib */,
			);
			path = RootTab;
			sourceTree = "<group>";
		};
		505A6BA421BE3C5D00011D7A /* Tool */ = {
			isa = PBXGroup;
			children = (
				505A6C5721C0FE7400011D7A /* Integration */,
				505A6BED21BE438900011D7A /* JSPictureManager */,
				505A6BB121BE3CA400011D7A /* Category */,
				505A6BAB21BE3CA300011D7A /* cleanCache */,
				505A6BAE21BE3CA300011D7A /* JSCommonAlertView */,
				505A6BBF21BE3CA400011D7A /* JSLocalStorageKit */,
				505A6BC821BE3CA400011D7A /* JSSelectViewTool */,
			);
			path = Tool;
			sourceTree = "<group>";
		};
		505A6BA521BE3C5D00011D7A /* Application */ = {
			isa = PBXGroup;
			children = (
				505A6BA621BE3C5D00011D7A /* AppDelegate.h */,
				505A6BA721BE3C5D00011D7A /* AppDelegate.m */,
			);
			path = Application;
			sourceTree = "<group>";
		};
		505A6BA821BE3C5D00011D7A /* Mine */ = {
			isa = PBXGroup;
			children = (
				505A6C0A21BE440700011D7A /* View */,
				505A6C0921BE43F200011D7A /* Controller */,
			);
			path = Mine;
			sourceTree = "<group>";
		};
		505A6BA921BE3C5D00011D7A /* Games */ = {
			isa = PBXGroup;
			children = (
				505A6C1A21BE4BDF00011D7A /* Controller */,
				505A6C1B21BE4BE600011D7A /* View */,
			);
			path = Games;
			sourceTree = "<group>";
		};
		505A6BAB21BE3CA300011D7A /* cleanCache */ = {
			isa = PBXGroup;
			children = (
				505A6BAC21BE3CA300011D7A /* MMCleanCacheManager.m */,
				505A6BAD21BE3CA300011D7A /* MMCleanCacheManager.h */,
			);
			path = cleanCache;
			sourceTree = "<group>";
		};
		505A6BAE21BE3CA300011D7A /* JSCommonAlertView */ = {
			isa = PBXGroup;
			children = (
				505A6BAF21BE3CA300011D7A /* JSCommonAlertView.h */,
				505A6BB021BE3CA300011D7A /* JSCommonAlertView.m */,
			);
			path = JSCommonAlertView;
			sourceTree = "<group>";
		};
		505A6BB121BE3CA400011D7A /* Category */ = {
			isa = PBXGroup;
			children = (
				505A6BB221BE3CA400011D7A /* SMPageStyle.h */,
				505A6BB921BE3CA400011D7A /* UIViewController+TouchAvatar.h */,
				505A6BB321BE3CA400011D7A /* UIViewController+TouchAvatar.m */,
				505A6BBB21BE3CA400011D7A /* UINavigationBar+BackgroundColor.h */,
				505A6BB421BE3CA400011D7A /* UINavigationBar+BackgroundColor.m */,
				505A6BB621BE3CA400011D7A /* UIViewController+BackgroundAlpha.h */,
				505A6BBA21BE3CA400011D7A /* UIViewController+BackgroundAlpha.m */,
				505A6BBD21BE3CA400011D7A /* JS3DImageViewController.h */,
				505A6BB821BE3CA400011D7A /* JS3DImageViewController.m */,
				505A6BBE21BE3CA400011D7A /* UITableView+JSCustom.h */,
				505A6BB721BE3CA400011D7A /* UITableView+JSCustom.m */,
				505A6BB521BE3CA400011D7A /* UITextView+CustomFont.h */,
				505A6BBC21BE3CA400011D7A /* UITextView+CustomFont.m */,
			);
			path = Category;
			sourceTree = "<group>";
		};
		505A6BBF21BE3CA400011D7A /* JSLocalStorageKit */ = {
			isa = PBXGroup;
			children = (
				505A6BC421BE3CA400011D7A /* JSFastLoginModel.h */,
				505A6BC021BE3CA400011D7A /* JSFastLoginModel.m */,
				505A6BC521BE3CA400011D7A /* JSLocalStorageKit.h */,
				505A6BC121BE3CA400011D7A /* JSLocalStorageKit.m */,
				505A6BC221BE3CA400011D7A /* JSClassModel.h */,
				505A6BC721BE3CA400011D7A /* JSClassModel.m */,
				505A6BC621BE3CA400011D7A /* JSUserInfo.h */,
				505A6BC321BE3CA400011D7A /* JSUserInfo.m */,
			);
			path = JSLocalStorageKit;
			sourceTree = "<group>";
		};
		505A6BC821BE3CA400011D7A /* JSSelectViewTool */ = {
			isa = PBXGroup;
			children = (
				505A6BC921BE3CA400011D7A /* JSSelectViewTool.h */,
				505A6BCA21BE3CA400011D7A /* DefineHeader.h */,
				505A6BCB21BE3CA400011D7A /* JSSelectViewTool.m */,
				505A6BCC21BE3CA400011D7A /* New Group */,
			);
			path = JSSelectViewTool;
			sourceTree = "<group>";
		};
		505A6BCC21BE3CA400011D7A /* New Group */ = {
			isa = PBXGroup;
			children = (
				505A6BCD21BE3CA400011D7A /* districts_bak.xml */,
			);
			path = "New Group";
			sourceTree = "<group>";
		};
		505A6BED21BE438900011D7A /* JSPictureManager */ = {
			isa = PBXGroup;
			children = (
				505A6BF521BE438900011D7A /* JSFPictureManager.h */,
				505A6BEE21BE438900011D7A /* JSFPictureManager.m */,
				505A6BFB21BE438900011D7A /* UIImage+ScaleImage.h */,
				505A6BF421BE438900011D7A /* UIImage+ScaleImage.m */,
				505A6BEF21BE438900011D7A /* Group */,
				505A6BF621BE438900011D7A /* New Group */,
				505A6BFC21BE438900011D7A /* Album */,
			);
			path = JSPictureManager;
			sourceTree = "<group>";
		};
		505A6BEF21BE438900011D7A /* Group */ = {
			isa = PBXGroup;
			children = (
				505A6BF221BE438900011D7A /* GroupTableViewCell.h */,
				505A6BF021BE438900011D7A /* GroupTableViewCell.m */,
				505A6BF121BE438900011D7A /* GroupTableViewController.h */,
				505A6BF321BE438900011D7A /* GroupTableViewController.m */,
			);
			path = Group;
			sourceTree = "<group>";
		};
		505A6BF621BE438900011D7A /* New Group */ = {
			isa = PBXGroup;
			children = (
				505A6BF721BE438900011D7A /* PhotoDetailsCollectionViewCell.m */,
				505A6BF821BE438900011D7A /* PhotoDetailsCollectionViewController.m */,
				505A6BF921BE438900011D7A /* PhotoDetailsCollectionViewCell.h */,
				505A6BFA21BE438900011D7A /* PhotoDetailsCollectionViewController.h */,
			);
			path = "New Group";
			sourceTree = "<group>";
		};
		505A6BFC21BE438900011D7A /* Album */ = {
			isa = PBXGroup;
			children = (
				505A6BFD21BE438900011D7A /* AllAlbumViewController.m */,
				505A6BFE21BE438900011D7A /* AllAlbumCollectionViewCell.h */,
				505A6BFF21BE438900011D7A /* AllAlbumViewController.h */,
				505A6C0021BE438900011D7A /* AllAlbumCollectionViewCell.m */,
			);
			path = Album;
			sourceTree = "<group>";
		};
		505A6C0921BE43F200011D7A /* Controller */ = {
			isa = PBXGroup;
			children = (
				505A6BDC21BE3D2F00011D7A /* KKMineViewController.h */,
				505A6BDD21BE3D2F00011D7A /* KKMineViewController.m */,
				505A6BDE21BE3D2F00011D7A /* KKMineViewController.xib */,
				505A6BE821BE42EF00011D7A /* KPersonViewController.h */,
				505A6BE921BE42EF00011D7A /* KPersonViewController.m */,
				505A6BEA21BE42EF00011D7A /* KPersonViewController.xib */,
				505A6C1521BE44E300011D7A /* KKAboutMineViewController.h */,
				505A6C1621BE44E400011D7A /* KKAboutMineViewController.m */,
				505A6C1721BE44E400011D7A /* KKAboutMineViewController.xib */,
				505A6C4D21BE7BE000011D7A /* KOpinionViewController.h */,
				505A6C4E21BE7BE000011D7A /* KOpinionViewController.m */,
				505A6C4F21BE7BE000011D7A /* KOpinionViewController.xib */,
			);
			path = Controller;
			sourceTree = "<group>";
		};
		505A6C0A21BE440700011D7A /* View */ = {
			isa = PBXGroup;
			children = (
				505A6C1221BE449100011D7A /* KKMineTableViewCell.h */,
				505A6C1021BE449100011D7A /* KKMineTableViewCell.m */,
				505A6C1121BE449100011D7A /* KKMineTableViewCell.xib */,
				505A6C0B21BE443000011D7A /* KKPersonalTableViewCell.h */,
				505A6C0C21BE443000011D7A /* KKPersonalTableViewCell.m */,
				505A6C0D21BE443100011D7A /* KKPersonalTableViewCell.xib */,
				505A6C5321BE7D6900011D7A /* KKFillContantTableViewCell.h */,
				505A6C5421BE7D6A00011D7A /* KKFillContantTableViewCell.m */,
				505A6C5221BE7D6900011D7A /* KKFillContantTableViewCell.xib */,
			);
			path = View;
			sourceTree = "<group>";
		};
		505A6C1A21BE4BDF00011D7A /* Controller */ = {
			isa = PBXGroup;
			children = (
				505A6BE121BE3D4100011D7A /* GamesViewController.h */,
				505A6BE221BE3D4100011D7A /* GamesViewController.m */,
				505A6BE321BE3D4100011D7A /* GamesViewController.xib */,
				505A6C2121BE536F00011D7A /* DetailViewController.h */,
				505A6C2221BE536F00011D7A /* DetailViewController.m */,
				505A6C2321BE536F00011D7A /* DetailViewController.xib */,
				505A6C2B21BE5CD600011D7A /* DeleteViewController.h */,
				505A6C2C21BE5CD600011D7A /* DeleteViewController.m */,
				505A6C2D21BE5CD600011D7A /* DeleteViewController.xib */,
				505A6C3921BE631600011D7A /* AddNumberViewController.h */,
				505A6C3A21BE631600011D7A /* AddNumberViewController.m */,
				505A6C3B21BE631600011D7A /* AddNumberViewController.xib */,
				505A6C4321BE706200011D7A /* AddGameViewController.h */,
				505A6C4421BE706200011D7A /* AddGameViewController.m */,
				505A6C4521BE706200011D7A /* AddGameViewController.xib */,
			);
			path = Controller;
			sourceTree = "<group>";
		};
		505A6C1B21BE4BE600011D7A /* View */ = {
			isa = PBXGroup;
			children = (
				505A6C1C21BE4C1600011D7A /* GamesTableViewCell.h */,
				505A6C1D21BE4C1600011D7A /* GamesTableViewCell.m */,
				505A6C1E21BE4C1600011D7A /* GamesTableViewCell.xib */,
				505A6C2621BE55B600011D7A /* DetailTableViewCell.h */,
				505A6C2721BE55B600011D7A /* DetailTableViewCell.m */,
				505A6C2821BE55B600011D7A /* DetailTableViewCell.xib */,
				505A6C3421BE5EAB00011D7A /* DeleteTableViewCell.h */,
				505A6C3521BE5EAB00011D7A /* DeleteTableViewCell.m */,
				505A6C3621BE5EAB00011D7A /* DeleteTableViewCell.xib */,
				505A6C3E21BE63EE00011D7A /* KKAddNumberTableViewCell.h */,
				505A6C3F21BE63EE00011D7A /* KKAddNumberTableViewCell.m */,
				505A6C4021BE63EE00011D7A /* KKAddNumberTableViewCell.xib */,
				505A6C4821BE707F00011D7A /* AddGameTableViewCell.h */,
				505A6C4921BE707F00011D7A /* AddGameTableViewCell.m */,
				505A6C4A21BE707F00011D7A /* AddGameTableViewCell.xib */,
			);
			path = View;
			sourceTree = "<group>";
		};
		505A6C5721C0FE7400011D7A /* Integration */ = {
			isa = PBXGroup;
			children = (
				505A6C5821C0FEBF00011D7A /* Alert */,
				505A6C6921C0FEC200011D7A /* AppDeviceMode.h */,
				505A6C6821C0FEC200011D7A /* AppDeviceMode.m */,
				505A6C5D21C0FEC000011D7A /* AppMacro.h */,
				505A6C5E21C0FEC100011D7A /* Category */,
				505A6C6521C0FEC200011D7A /* Request */,
			);
			path = Integration;
			sourceTree = "<group>";
		};
		505A6C5821C0FEBF00011D7A /* Alert */ = {
			isa = PBXGroup;
			children = (
				505A6C5921C0FEBF00011D7A /* XXToast.m */,
				505A6C5A21C0FEBF00011D7A /* AppURL.h */,
				505A6C5B21C0FEBF00011D7A /* XXToast.h */,
				505A6C5C21C0FEBF00011D7A /* AppURL.m */,
			);
			path = Alert;
			sourceTree = "<group>";
		};
		505A6C5E21C0FEC100011D7A /* Category */ = {
			isa = PBXGroup;
			children = (
				505A6C5F21C0FEC100011D7A /* NSDictionary+codeString.h */,
				505A6C6021C0FEC100011D7A /* NSString+Code.h */,
				505A6C6121C0FEC100011D7A /* UIView+addGradualLayer.h */,
				505A6C6221C0FEC100011D7A /* NSDictionary+codeString.m */,
				505A6C6321C0FEC100011D7A /* NSString+Code.m */,
				505A6C6421C0FEC100011D7A /* UIView+addGradualLayer.m */,
			);
			path = Category;
			sourceTree = "<group>";
		};
		505A6C6521C0FEC200011D7A /* Request */ = {
			isa = PBXGroup;
			children = (
				505A6C6621C0FEC200011D7A /* XXRequest.m */,
				505A6C6721C0FEC200011D7A /* XXRequest.h */,
			);
			path = Request;
			sourceTree = "<group>";
		};
		75EC11D273EA9284784CF558 /* Pods */ = {
			isa = PBXGroup;
			children = (
				1AB3D92E8DBE96037CF3BE72 /* Pods-BoardGamesItems.debug.xcconfig */,
				BB34B419008FE59CB600F22B /* Pods-BoardGamesItems.release.xcconfig */,
			);
			name = Pods;
			sourceTree = "<group>";
		};
		90BDD06BE253673E95E73B00 /* Frameworks */ = {
			isa = PBXGroup;
			children = (
				505C997021EDB9340014FD34 /* libsqlite3.tbd */,
				505C996E21EDB9210014FD34 /* libsqlite3.0.tbd */,
				505C996C21EDB8FA0014FD34 /* SystemConfiguration.framework */,
				505C996A21EDB8E30014FD34 /* libz.tbd */,
				505C996821EDB8D80014FD34 /* CoreTelephony.framework */,
				505C996121EDAF710014FD34 /* UserNotifications.framework */,
				80E132E19DC56F8794F48EFE /* libPods-BoardGamesItems.a */,
			);
			name = Frameworks;
			sourceTree = "<group>";
		};
/* End PBXGroup section */

/* Begin PBXNativeTarget section */
		505A6B6521BE30C100011D7A /* BoardGamesItems */ = {
			isa = PBXNativeTarget;
			buildConfigurationList = 505A6B9221BE30C300011D7A /* Build configuration list for PBXNativeTarget "BoardGamesItems" */;
			buildPhases = (
				EEF7720FEFC5EB33D4EB4315 /* [CP] Check Pods Manifest.lock */,
				505A6B6221BE30C100011D7A /* Sources */,
				505A6B6321BE30C100011D7A /* Frameworks */,
				505A6B6421BE30C100011D7A /* Resources */,
				29611BEC0DF7DC4E51AC996F /* [CP] Copy Pods Resources */,
			);
			buildRules = (
			);
			dependencies = (
			);
			name = BoardGamesItems;
			productName = BoardGamesItems;
			productReference = 505A6B6621BE30C100011D7A /* BoardGamesItems.app */;
			productType = "com.apple.product-type.application";
		};
		505A6B7D21BE30C300011D7A /* BoardGamesItemsTests */ = {
			isa = PBXNativeTarget;
			buildConfigurationList = 505A6B9521BE30C300011D7A /* Build configuration list for PBXNativeTarget "BoardGamesItemsTests" */;
			buildPhases = (
				505A6B7A21BE30C300011D7A /* Sources */,
				505A6B7B21BE30C300011D7A /* Frameworks */,
				505A6B7C21BE30C300011D7A /* Resources */,
			);
			buildRules = (
			);
			dependencies = (
				505A6B8021BE30C300011D7A /* PBXTargetDependency */,
			);
			name = BoardGamesItemsTests;
			productName = BoardGamesItemsTests;
			productReference = 505A6B7E21BE30C300011D7A /* BoardGamesItemsTests.xctest */;
			productType = "com.apple.product-type.bundle.unit-test";
		};
		505A6B8821BE30C300011D7A /* BoardGamesItemsUITests */ = {
			isa = PBXNativeTarget;
			buildConfigurationList = 505A6B9821BE30C300011D7A /* Build configuration list for PBXNativeTarget "BoardGamesItemsUITests" */;
			buildPhases = (
				505A6B8521BE30C300011D7A /* Sources */,
				505A6B8621BE30C300011D7A /* Frameworks */,
				505A6B8721BE30C300011D7A /* Resources */,
			);
			buildRules = (
			);
			dependencies = (
				505A6B8B21BE30C300011D7A /* PBXTargetDependency */,
			);
			name = BoardGamesItemsUITests;
			productName = BoardGamesItemsUITests;
			productReference = 505A6B8921BE30C300011D7A /* BoardGamesItemsUITests.xctest */;
			productType = "com.apple.product-type.bundle.ui-testing";
		};
/* End PBXNativeTarget section */

/* Begin PBXProject section */
		505A6B5E21BE30C100011D7A /* Project object */ = {
			isa = PBXProject;
			attributes = {
				LastUpgradeCheck = 1010;
				ORGANIZATIONNAME = "锋子";
				TargetAttributes = {
					505A6B6521BE30C100011D7A = {
						CreatedOnToolsVersion = 10.1;
						SystemCapabilities = {
							com.apple.BackgroundModes = {
								enabled = 1;
							};
							com.apple.Push = {
								enabled = 1;
							};
						};
					};
					505A6B7D21BE30C300011D7A = {
						CreatedOnToolsVersion = 10.1;
						TestTargetID = 505A6B6521BE30C100011D7A;
					};
					505A6B8821BE30C300011D7A = {
						CreatedOnToolsVersion = 10.1;
						TestTargetID = 505A6B6521BE30C100011D7A;
					};
				};
			};
			buildConfigurationList = 505A6B6121BE30C100011D7A /* Build configuration list for PBXProject "BoardGamesItems" */;
			compatibilityVersion = "Xcode 9.3";
			developmentRegion = en;
			hasScannedForEncodings = 0;
			knownRegions = (
				en,
				Base,
				"zh-Hans",
			);
			mainGroup = 505A6B5D21BE30C100011D7A;
			productRefGroup = 505A6B6721BE30C100011D7A /* Products */;
			projectDirPath = "";
			projectRoot = "";
			targets = (
				505A6B6521BE30C100011D7A /* BoardGamesItems */,
				505A6B7D21BE30C300011D7A /* BoardGamesItemsTests */,
				505A6B8821BE30C300011D7A /* BoardGamesItemsUITests */,
			);
		};
/* End PBXProject section */

/* Begin PBXResourcesBuildPhase section */
		505A6B6421BE30C100011D7A /* Resources */ = {
			isa = PBXResourcesBuildPhase;
			buildActionMask = 2147483647;
			files = (
				505A6B7621BE30C300011D7A /* LaunchScreen.storyboard in Resources */,
				505A6C2521BE536F00011D7A /* DetailViewController.xib in Resources */,
				505A6C4221BE63EE00011D7A /* KKAddNumberTableViewCell.xib in Resources */,
				505A6BDB21BE3CA400011D7A /* districts_bak.xml in Resources */,
				505A6C5521BE7D6A00011D7A /* KKFillContantTableViewCell.xib in Resources */,
				505A6C1421BE449100011D7A /* KKMineTableViewCell.xib in Resources */,
				505A6C2021BE4C1600011D7A /* GamesTableViewCell.xib in Resources */,
				505A6C4721BE706200011D7A /* AddGameViewController.xib in Resources */,
				505A6C2F21BE5CD600011D7A /* DeleteViewController.xib in Resources */,
				505A6C7521C1047500011D7A /* KTransferViewController.xib in Resources */,
				505A6BA321BE3B9F00011D7A /* KKDelegateViewController.xib in Resources */,
				505A6B7321BE30C300011D7A /* Assets.xcassets in Resources */,
				505A6C3D21BE631600011D7A /* AddNumberViewController.xib in Resources */,
				505A6C7A21C116EA00011D7A /* KKIudgeViewController.xib in Resources */,
				505A6C5121BE7BE000011D7A /* KOpinionViewController.xib in Resources */,
				50742C6521E837C5007BFDC8 /* launch_icon.jpg in Resources */,
				505A6CDB21C2501800011D7A /* Localizable.strings in Resources */,
				505A6B7121BE30C100011D7A /* Main.storyboard in Resources */,
				505A6BE521BE3D4100011D7A /* GamesViewController.xib in Resources */,
				505A6BE021BE3D2F00011D7A /* KKMineViewController.xib in Resources */,
				505A6C1921BE44E400011D7A /* KKAboutMineViewController.xib in Resources */,
				505A6CB121C22CA400011D7A /* InfoPlist.strings in Resources */,
				505A6C4C21BE707F00011D7A /* AddGameTableViewCell.xib in Resources */,
				505A6BEC21BE42EF00011D7A /* KPersonViewController.xib in Resources */,
				505A6C2A21BE55B600011D7A /* DetailTableViewCell.xib in Resources */,
				505A6C3821BE5EAB00011D7A /* DeleteTableViewCell.xib in Resources */,
				505A6C0F21BE443100011D7A /* KKPersonalTableViewCell.xib in Resources */,
			);
			runOnlyForDeploymentPostprocessing = 0;
		};
		505A6B7C21BE30C300011D7A /* Resources */ = {
			isa = PBXResourcesBuildPhase;
			buildActionMask = 2147483647;
			files = (
			);
			runOnlyForDeploymentPostprocessing = 0;
		};
		505A6B8721BE30C300011D7A /* Resources */ = {
			isa = PBXResourcesBuildPhase;
			buildActionMask = 2147483647;
			files = (
			);
			runOnlyForDeploymentPostprocessing = 0;
		};
/* End PBXResourcesBuildPhase section */

/* Begin PBXShellScriptBuildPhase section */
		29611BEC0DF7DC4E51AC996F /* [CP] Copy Pods Resources */ = {
			isa = PBXShellScriptBuildPhase;
			buildActionMask = 2147483647;
			files = (
			);
			inputFileListPaths = (
			);
			inputPaths = (
				"${SRCROOT}/Pods/Target Support Files/Pods-BoardGamesItems/Pods-BoardGamesItems-resources.sh",
				"${PODS_ROOT}/IQKeyboardManager/IQKeyboardManager/Resources/IQKeyboardManager.bundle",
				"${PODS_ROOT}/MJRefresh/MJRefresh/MJRefresh.bundle",
				"${PODS_ROOT}/SVProgressHUD/SVProgressHUD/SVProgressHUD.bundle",
			);
			name = "[CP] Copy Pods Resources";
			outputFileListPaths = (
			);
			outputPaths = (
				"${TARGET_BUILD_DIR}/${UNLOCALIZED_RESOURCES_FOLDER_PATH}/IQKeyboardManager.bundle",
				"${TARGET_BUILD_DIR}/${UNLOCALIZED_RESOURCES_FOLDER_PATH}/MJRefresh.bundle",
				"${TARGET_BUILD_DIR}/${UNLOCALIZED_RESOURCES_FOLDER_PATH}/SVProgressHUD.bundle",
			);
			runOnlyForDeploymentPostprocessing = 0;
			shellPath = /bin/sh;
			shellScript = "\"${SRCROOT}/Pods/Target Support Files/Pods-BoardGamesItems/Pods-BoardGamesItems-resources.sh\"\n";
			showEnvVarsInLog = 0;
		};
		EEF7720FEFC5EB33D4EB4315 /* [CP] Check Pods Manifest.lock */ = {
			isa = PBXShellScriptBuildPhase;
			buildActionMask = 2147483647;
			files = (
			);
			inputFileListPaths = (
			);
			inputPaths = (
				"${PODS_PODFILE_DIR_PATH}/Podfile.lock",
				"${PODS_ROOT}/Manifest.lock",
			);
			name = "[CP] Check Pods Manifest.lock";
			outputFileListPaths = (
			);
			outputPaths = (
				"$(DERIVED_FILE_DIR)/Pods-BoardGamesItems-checkManifestLockResult.txt",
			);
			runOnlyForDeploymentPostprocessing = 0;
			shellPath = /bin/sh;
			shellScript = "diff \"${PODS_PODFILE_DIR_PATH}/Podfile.lock\" \"${PODS_ROOT}/Manifest.lock\" > /dev/null\nif [ $? != 0 ] ; then\n    # print error to STDERR\n    echo \"error: The sandbox is not in sync with the Podfile.lock. Run 'pod install' or update your CocoaPods installation.\" >&2\n    exit 1\nfi\n# This output is used by Xcode 'outputs' to avoid re-running this script phase.\necho \"SUCCESS\" > \"${SCRIPT_OUTPUT_FILE_0}\"\n";
			showEnvVarsInLog = 0;
		};
/* End PBXShellScriptBuildPhase section */

/* Begin PBXSourcesBuildPhase section */
		505A6B6221BE30C100011D7A /* Sources */ = {
			isa = PBXSourcesBuildPhase;
			buildActionMask = 2147483647;
			files = (
				505A6C7021C0FEC700011D7A /* AppDeviceMode.m in Sources */,
				505A6C6D21C0FEC700011D7A /* NSString+Code.m in Sources */,
				505A6C6C21C0FEC700011D7A /* NSDictionary+codeString.m in Sources */,
				505A6BD321BE3CA400011D7A /* JS3DImageViewController.m in Sources */,
				505A6C3721BE5EAB00011D7A /* DeleteTableViewCell.m in Sources */,
				505A6C0221BE438900011D7A /* GroupTableViewCell.m in Sources */,
				505A6BCE21BE3CA400011D7A /* MMCleanCacheManager.m in Sources */,
				505A6B6E21BE30C100011D7A /* ViewController.m in Sources */,
				505A6C7421C1047500011D7A /* KTransferViewController.m in Sources */,
				505A6C0821BE438900011D7A /* AllAlbumCollectionViewCell.m in Sources */,
				505A6BD421BE3CA400011D7A /* UIViewController+BackgroundAlpha.m in Sources */,
				505A6C6A21C0FEC700011D7A /* XXToast.m in Sources */,
				505A6C2921BE55B600011D7A /* DetailTableViewCell.m in Sources */,
				505A6BD921BE3CA400011D7A /* JSClassModel.m in Sources */,
				505A6C4121BE63EE00011D7A /* KKAddNumberTableViewCell.m in Sources */,
				505A6C6E21C0FEC700011D7A /* UIView+addGradualLayer.m in Sources */,
				505A6C4B21BE707F00011D7A /* AddGameTableViewCell.m in Sources */,
				505A6C6F21C0FEC700011D7A /* XXRequest.m in Sources */,
				505A6BD621BE3CA400011D7A /* JSFastLoginModel.m in Sources */,
				505A6BDF21BE3D2F00011D7A /* KKMineViewController.m in Sources */,
				505A6C0521BE438900011D7A /* PhotoDetailsCollectionViewCell.m in Sources */,
				505A6B7921BE30C300011D7A /* main.m in Sources */,
				505A6BE421BE3D4100011D7A /* GamesViewController.m in Sources */,
				505A6C0621BE438900011D7A /* PhotoDetailsCollectionViewController.m in Sources */,
				505A6BD021BE3CA400011D7A /* UIViewController+TouchAvatar.m in Sources */,
				505A6BAA21BE3C5D00011D7A /* AppDelegate.m in Sources */,
				505A6BDA21BE3CA400011D7A /* JSSelectViewTool.m in Sources */,
				505A6C0421BE438900011D7A /* UIImage+ScaleImage.m in Sources */,
				505A6BCF21BE3CA400011D7A /* JSCommonAlertView.m in Sources */,
				505A6C1F21BE4C1600011D7A /* GamesTableViewCell.m in Sources */,
				505A6C2421BE536F00011D7A /* DetailViewController.m in Sources */,
				505A6BD121BE3CA400011D7A /* UINavigationBar+BackgroundColor.m in Sources */,
				505A6BD521BE3CA400011D7A /* UITextView+CustomFont.m in Sources */,
				505A6C2E21BE5CD600011D7A /* DeleteViewController.m in Sources */,
				505A6C5021BE7BE000011D7A /* KOpinionViewController.m in Sources */,
				505A6BA221BE3B9F00011D7A /* KKDelegateViewController.m in Sources */,
				505A6C1321BE449100011D7A /* KKMineTableViewCell.m in Sources */,
				505A6C4621BE706200011D7A /* AddGameViewController.m in Sources */,
				505A6C0E21BE443100011D7A /* KKPersonalTableViewCell.m in Sources */,
				505A6C1821BE44E400011D7A /* KKAboutMineViewController.m in Sources */,
				505A6C0721BE438900011D7A /* AllAlbumViewController.m in Sources */,
				505A6C7921C116EA00011D7A /* KKIudgeViewController.m in Sources */,
				505A6C0321BE438900011D7A /* GroupTableViewController.m in Sources */,
				505A6C3C21BE631600011D7A /* AddNumberViewController.m in Sources */,
				505A6BA121BE3B9F00011D7A /* KKRootTabBarViewController.m in Sources */,
				505A6BEB21BE42EF00011D7A /* KPersonViewController.m in Sources */,
				505A6C0121BE438900011D7A /* JSFPictureManager.m in Sources */,
				505A6C5621BE7D6A00011D7A /* KKFillContantTableViewCell.m in Sources */,
				505A6C6B21C0FEC700011D7A /* AppURL.m in Sources */,
				505A6BD721BE3CA400011D7A /* JSLocalStorageKit.m in Sources */,
				505A6BD221BE3CA400011D7A /* UITableView+JSCustom.m in Sources */,
				505A6BD821BE3CA400011D7A /* JSUserInfo.m in Sources */,
			);
			runOnlyForDeploymentPostprocessing = 0;
		};
		505A6B7A21BE30C300011D7A /* Sources */ = {
			isa = PBXSourcesBuildPhase;
			buildActionMask = 2147483647;
			files = (
				505A6B8321BE30C300011D7A /* BoardGamesItemsTests.m in Sources */,
			);
			runOnlyForDeploymentPostprocessing = 0;
		};
		505A6B8521BE30C300011D7A /* Sources */ = {
			isa = PBXSourcesBuildPhase;
			buildActionMask = 2147483647;
			files = (
				505A6B8E21BE30C300011D7A /* BoardGamesItemsUITests.m in Sources */,
			);
			runOnlyForDeploymentPostprocessing = 0;
		};
/* End PBXSourcesBuildPhase section */

/* Begin PBXTargetDependency section */
		505A6B8021BE30C300011D7A /* PBXTargetDependency */ = {
			isa = PBXTargetDependency;
			target = 505A6B6521BE30C100011D7A /* BoardGamesItems */;
			targetProxy = 505A6B7F21BE30C300011D7A /* PBXContainerItemProxy */;
		};
		505A6B8B21BE30C300011D7A /* PBXTargetDependency */ = {
			isa = PBXTargetDependency;
			target = 505A6B6521BE30C100011D7A /* BoardGamesItems */;
			targetProxy = 505A6B8A21BE30C300011D7A /* PBXContainerItemProxy */;
		};
/* End PBXTargetDependency section */

/* Begin PBXVariantGroup section */
		505A6B6F21BE30C100011D7A /* Main.storyboard */ = {
			isa = PBXVariantGroup;
			children = (
				505A6B7021BE30C100011D7A /* Base */,
				505A6CAB21C22B9600011D7A /* zh-Hans */,
			);
			name = Main.storyboard;
			sourceTree = "<group>";
		};
		505A6B7421BE30C300011D7A /* LaunchScreen.storyboard */ = {
			isa = PBXVariantGroup;
			children = (
				505A6B7521BE30C300011D7A /* Base */,
				505A6CAC21C22B9700011D7A /* zh-Hans */,
			);
			name = LaunchScreen.storyboard;
			sourceTree = "<group>";
		};
		505A6CB321C22CA400011D7A /* InfoPlist.strings */ = {
			isa = PBXVariantGroup;
			children = (
				505A6CB221C22CA400011D7A /* en */,
				505A6CBA21C22CC700011D7A /* zh-Hans */,
			);
			name = InfoPlist.strings;
			sourceTree = "<group>";
		};
		505A6CDD21C2501800011D7A /* Localizable.strings */ = {
			isa = PBXVariantGroup;
			children = (
				505A6CDC21C2501800011D7A /* en */,
				505A6CDE21C2501A00011D7A /* zh-Hans */,
			);
			name = Localizable.strings;
			sourceTree = "<group>";
		};
/* End PBXVariantGroup section */

/* Begin XCBuildConfiguration section */
		505A6B9021BE30C300011D7A /* Debug */ = {
			isa = XCBuildConfiguration;
			buildSettings = {
				ALWAYS_SEARCH_USER_PATHS = NO;
				CLANG_ANALYZER_LOCALIZABILITY_NONLOCALIZED = YES;
				CLANG_ANALYZER_NONNULL = YES;
				CLANG_ANALYZER_NUMBER_OBJECT_CONVERSION = YES_AGGRESSIVE;
				CLANG_CXX_LANGUAGE_STANDARD = "gnu++14";
				CLANG_CXX_LIBRARY = "libc++";
				CLANG_ENABLE_MODULES = YES;
				CLANG_ENABLE_OBJC_ARC = YES;
				CLANG_ENABLE_OBJC_WEAK = YES;
				CLANG_WARN_BLOCK_CAPTURE_AUTORELEASING = YES;
				CLANG_WARN_BOOL_CONVERSION = YES;
				CLANG_WARN_COMMA = YES;
				CLANG_WARN_CONSTANT_CONVERSION = YES;
				CLANG_WARN_DEPRECATED_OBJC_IMPLEMENTATIONS = YES;
				CLANG_WARN_DIRECT_OBJC_ISA_USAGE = YES_ERROR;
				CLANG_WARN_DOCUMENTATION_COMMENTS = YES;
				CLANG_WARN_EMPTY_BODY = YES;
				CLANG_WARN_ENUM_CONVERSION = YES;
				CLANG_WARN_INFINITE_RECURSION = YES;
				CLANG_WARN_INT_CONVERSION = YES;
				CLANG_WARN_NON_LITERAL_NULL_CONVERSION = YES;
				CLANG_WARN_OBJC_IMPLICIT_RETAIN_SELF = YES;
				CLANG_WARN_OBJC_LITERAL_CONVERSION = YES;
				CLANG_WARN_OBJC_ROOT_CLASS = YES_ERROR;
				CLANG_WARN_RANGE_LOOP_ANALYSIS = YES;
				CLANG_WARN_STRICT_PROTOTYPES = YES;
				CLANG_WARN_SUSPICIOUS_MOVE = YES;
				CLANG_WARN_UNGUARDED_AVAILABILITY = YES_AGGRESSIVE;
				CLANG_WARN_UNREACHABLE_CODE = YES;
				CLANG_WARN__DUPLICATE_METHOD_MATCH = YES;
				CODE_SIGN_IDENTITY = "iPhone Developer";
				COPY_PHASE_STRIP = NO;
				DEBUG_INFORMATION_FORMAT = dwarf;
				ENABLE_STRICT_OBJC_MSGSEND = YES;
				ENABLE_TESTABILITY = YES;
				GCC_C_LANGUAGE_STANDARD = gnu11;
				GCC_DYNAMIC_NO_PIC = NO;
				GCC_NO_COMMON_BLOCKS = YES;
				GCC_OPTIMIZATION_LEVEL = 0;
				GCC_PREPROCESSOR_DEFINITIONS = (
					"DEBUG=1",
					"$(inherited)",
				);
				GCC_WARN_64_TO_32_BIT_CONVERSION = YES;
				GCC_WARN_ABOUT_RETURN_TYPE = YES_ERROR;
				GCC_WARN_UNDECLARED_SELECTOR = YES;
				GCC_WARN_UNINITIALIZED_AUTOS = YES_AGGRESSIVE;
				GCC_WARN_UNUSED_FUNCTION = YES;
				GCC_WARN_UNUSED_VARIABLE = YES;
				IPHONEOS_DEPLOYMENT_TARGET = 12.1;
				MTL_ENABLE_DEBUG_INFO = INCLUDE_SOURCE;
				MTL_FAST_MATH = YES;
				ONLY_ACTIVE_ARCH = YES;
				SDKROOT = iphoneos;
			};
			name = Debug;
		};
		505A6B9121BE30C300011D7A /* Release */ = {
			isa = XCBuildConfiguration;
			buildSettings = {
				ALWAYS_SEARCH_USER_PATHS = NO;
				CLANG_ANALYZER_LOCALIZABILITY_NONLOCALIZED = YES;
				CLANG_ANALYZER_NONNULL = YES;
				CLANG_ANALYZER_NUMBER_OBJECT_CONVERSION = YES_AGGRESSIVE;
				CLANG_CXX_LANGUAGE_STANDARD = "gnu++14";
				CLANG_CXX_LIBRARY = "libc++";
				CLANG_ENABLE_MODULES = YES;
				CLANG_ENABLE_OBJC_ARC = YES;
				CLANG_ENABLE_OBJC_WEAK = YES;
				CLANG_WARN_BLOCK_CAPTURE_AUTORELEASING = YES;
				CLANG_WARN_BOOL_CONVERSION = YES;
				CLANG_WARN_COMMA = YES;
				CLANG_WARN_CONSTANT_CONVERSION = YES;
				CLANG_WARN_DEPRECATED_OBJC_IMPLEMENTATIONS = YES;
				CLANG_WARN_DIRECT_OBJC_ISA_USAGE = YES_ERROR;
				CLANG_WARN_DOCUMENTATION_COMMENTS = YES;
				CLANG_WARN_EMPTY_BODY = YES;
				CLANG_WARN_ENUM_CONVERSION = YES;
				CLANG_WARN_INFINITE_RECURSION = YES;
				CLANG_WARN_INT_CONVERSION = YES;
				CLANG_WARN_NON_LITERAL_NULL_CONVERSION = YES;
				CLANG_WARN_OBJC_IMPLICIT_RETAIN_SELF = YES;
				CLANG_WARN_OBJC_LITERAL_CONVERSION = YES;
				CLANG_WARN_OBJC_ROOT_CLASS = YES_ERROR;
				CLANG_WARN_RANGE_LOOP_ANALYSIS = YES;
				CLANG_WARN_STRICT_PROTOTYPES = YES;
				CLANG_WARN_SUSPICIOUS_MOVE = YES;
				CLANG_WARN_UNGUARDED_AVAILABILITY = YES_AGGRESSIVE;
				CLANG_WARN_UNREACHABLE_CODE = YES;
				CLANG_WARN__DUPLICATE_METHOD_MATCH = YES;
				CODE_SIGN_IDENTITY = "iPhone Developer";
				COPY_PHASE_STRIP = NO;
				DEBUG_INFORMATION_FORMAT = "dwarf-with-dsym";
				ENABLE_NS_ASSERTIONS = NO;
				ENABLE_STRICT_OBJC_MSGSEND = YES;
				GCC_C_LANGUAGE_STANDARD = gnu11;
				GCC_NO_COMMON_BLOCKS = YES;
				GCC_WARN_64_TO_32_BIT_CONVERSION = YES;
				GCC_WARN_ABOUT_RETURN_TYPE = YES_ERROR;
				GCC_WARN_UNDECLARED_SELECTOR = YES;
				GCC_WARN_UNINITIALIZED_AUTOS = YES_AGGRESSIVE;
				GCC_WARN_UNUSED_FUNCTION = YES;
				GCC_WARN_UNUSED_VARIABLE = YES;
				IPHONEOS_DEPLOYMENT_TARGET = 12.1;
				MTL_ENABLE_DEBUG_INFO = NO;
				MTL_FAST_MATH = YES;
				SDKROOT = iphoneos;
				VALIDATE_PRODUCT = YES;
			};
			name = Release;
		};
		505A6B9321BE30C300011D7A /* Debug */ = {
			isa = XCBuildConfiguration;
			baseConfigurationReference = 1AB3D92E8DBE96037CF3BE72 /* Pods-BoardGamesItems.debug.xcconfig */;
			buildSettings = {
				ASSETCATALOG_COMPILER_APPICON_NAME = AppIcon;
				CLANG_ENABLE_MODULES = YES;
				CODE_SIGN_ENTITLEMENTS = BoardGamesItems/BoardGamesItems.entitlements;
				CODE_SIGN_IDENTITY = "iPhone Developer";
				CODE_SIGN_STYLE = Automatic;
				DEVELOPMENT_TEAM = MG258AQY9F;
				FRAMEWORK_SEARCH_PATHS = (
					"$(inherited)",
					"$(PROJECT_DIR)",
					"$(PROJECT_DIR)/BoardGamesItems/Application/push",
				);
				GCC_PREFIX_HEADER = /Users/liucheng/Desktop/BoardGamesItems/BoardGamesItems/PrefixHeader.pch;
				INFOPLIST_FILE = BoardGamesItems/Info.plist;
				IPHONEOS_DEPLOYMENT_TARGET = 9.0;
				LD_RUNPATH_SEARCH_PATHS = (
					"$(inherited)",
					"@executable_path/Frameworks",
				);
				PRODUCT_BUNDLE_IDENTIFIER = jsfront.BoardGamesItems;
				PRODUCT_NAME = "$(TARGET_NAME)";
				PROVISIONING_PROFILE_SPECIFIER = "";
				TARGETED_DEVICE_FAMILY = 1;
			};
			name = Debug;
		};
		505A6B9421BE30C300011D7A /* Release */ = {
			isa = XCBuildConfiguration;
			baseConfigurationReference = BB34B419008FE59CB600F22B /* Pods-BoardGamesItems.release.xcconfig */;
			buildSettings = {
				ASSETCATALOG_COMPILER_APPICON_NAME = AppIcon;
				CLANG_ENABLE_MODULES = YES;
				CODE_SIGN_ENTITLEMENTS = BoardGamesItems/BoardGamesItems.entitlements;
				CODE_SIGN_IDENTITY = "iPhone Developer";
				CODE_SIGN_STYLE = Automatic;
				DEVELOPMENT_TEAM = MG258AQY9F;
				FRAMEWORK_SEARCH_PATHS = (
					"$(inherited)",
					"$(PROJECT_DIR)",
					"$(PROJECT_DIR)/BoardGamesItems/Application/push",
				);
				GCC_PREFIX_HEADER = /Users/liucheng/Desktop/BoardGamesItems/BoardGamesItems/PrefixHeader.pch;
				INFOPLIST_FILE = BoardGamesItems/Info.plist;
				IPHONEOS_DEPLOYMENT_TARGET = 9.0;
				LD_RUNPATH_SEARCH_PATHS = (
					"$(inherited)",
					"@executable_path/Frameworks",
				);
				PRODUCT_BUNDLE_IDENTIFIER = jsfront.BoardGamesItems;
				PRODUCT_NAME = "$(TARGET_NAME)";
				PROVISIONING_PROFILE_SPECIFIER = "";
				TARGETED_DEVICE_FAMILY = 1;
			};
			name = Release;
		};
		505A6B9621BE30C300011D7A /* Debug */ = {
			isa = XCBuildConfiguration;
			buildSettings = {
				BUNDLE_LOADER = "$(TEST_HOST)";
				CODE_SIGN_STYLE = Automatic;
				DEVELOPMENT_TEAM = 248CQC5959;
				INFOPLIST_FILE = BoardGamesItemsTests/Info.plist;
				LD_RUNPATH_SEARCH_PATHS = (
					"$(inherited)",
					"@executable_path/Frameworks",
					"@loader_path/Frameworks",
				);
				PRODUCT_BUNDLE_IDENTIFIER = jsfront.BoardGamesItemsTests;
				PRODUCT_NAME = "$(TARGET_NAME)";
				TARGETED_DEVICE_FAMILY = "1,2";
				TEST_HOST = "$(BUILT_PRODUCTS_DIR)/BoardGamesItems.app/BoardGamesItems";
			};
			name = Debug;
		};
		505A6B9721BE30C300011D7A /* Release */ = {
			isa = XCBuildConfiguration;
			buildSettings = {
				BUNDLE_LOADER = "$(TEST_HOST)";
				CODE_SIGN_STYLE = Automatic;
				DEVELOPMENT_TEAM = 248CQC5959;
				INFOPLIST_FILE = BoardGamesItemsTests/Info.plist;
				LD_RUNPATH_SEARCH_PATHS = (
					"$(inherited)",
					"@executable_path/Frameworks",
					"@loader_path/Frameworks",
				);
				PRODUCT_BUNDLE_IDENTIFIER = jsfront.BoardGamesItemsTests;
				PRODUCT_NAME = "$(TARGET_NAME)";
				TARGETED_DEVICE_FAMILY = "1,2";
				TEST_HOST = "$(BUILT_PRODUCTS_DIR)/BoardGamesItems.app/BoardGamesItems";
			};
			name = Release;
		};
		505A6B9921BE30C300011D7A /* Debug */ = {
			isa = XCBuildConfiguration;
			buildSettings = {
				CODE_SIGN_STYLE = Automatic;
				DEVELOPMENT_TEAM = 248CQC5959;
				INFOPLIST_FILE = BoardGamesItemsUITests/Info.plist;
				LD_RUNPATH_SEARCH_PATHS = (
					"$(inherited)",
					"@executable_path/Frameworks",
					"@loader_path/Frameworks",
				);
				PRODUCT_BUNDLE_IDENTIFIER = jsfront.BoardGamesItemsUITests;
				PRODUCT_NAME = "$(TARGET_NAME)";
				TARGETED_DEVICE_FAMILY = "1,2";
				TEST_TARGET_NAME = BoardGamesItems;
			};
			name = Debug;
		};
		505A6B9A21BE30C300011D7A /* Release */ = {
			isa = XCBuildConfiguration;
			buildSettings = {
				CODE_SIGN_STYLE = Automatic;
				DEVELOPMENT_TEAM = 248CQC5959;
				INFOPLIST_FILE = BoardGamesItemsUITests/Info.plist;
				LD_RUNPATH_SEARCH_PATHS = (
					"$(inherited)",
					"@executable_path/Frameworks",
					"@loader_path/Frameworks",
				);
				PRODUCT_BUNDLE_IDENTIFIER = jsfront.BoardGamesItemsUITests;
				PRODUCT_NAME = "$(TARGET_NAME)";
				TARGETED_DEVICE_FAMILY = "1,2";
				TEST_TARGET_NAME = BoardGamesItems;
			};
			name = Release;
		};
/* End XCBuildConfiguration section */

/* Begin XCConfigurationList section */
		505A6B6121BE30C100011D7A /* Build configuration list for PBXProject "BoardGamesItems" */ = {
			isa = XCConfigurationList;
			buildConfigurations = (
				505A6B9021BE30C300011D7A /* Debug */,
				505A6B9121BE30C300011D7A /* Release */,
			);
			defaultConfigurationIsVisible = 0;
			defaultConfigurationName = Release;
		};
		505A6B9221BE30C300011D7A /* Build configuration list for PBXNativeTarget "BoardGamesItems" */ = {
			isa = XCConfigurationList;
			buildConfigurations = (
				505A6B9321BE30C300011D7A /* Debug */,
				505A6B9421BE30C300011D7A /* Release */,
			);
			defaultConfigurationIsVisible = 0;
			defaultConfigurationName = Release;
		};
		505A6B9521BE30C300011D7A /* Build configuration list for PBXNativeTarget "BoardGamesItemsTests" */ = {
			isa = XCConfigurationList;
			buildConfigurations = (
				505A6B9621BE30C300011D7A /* Debug */,
				505A6B9721BE30C300011D7A /* Release */,
			);
			defaultConfigurationIsVisible = 0;
			defaultConfigurationName = Release;
		};
		505A6B9821BE30C300011D7A /* Build configuration list for PBXNativeTarget "BoardGamesItemsUITests" */ = {
			isa = XCConfigurationList;
			buildConfigurations = (
				505A6B9921BE30C300011D7A /* Debug */,
				505A6B9A21BE30C300011D7A /* Release */,
			);
			defaultConfigurationIsVisible = 0;
			defaultConfigurationName = Release;
		};
/* End XCConfigurationList section */
	};
	rootObject = 505A6B5E21BE30C100011D7A /* Project object */;
}
